// !$*UTF8*$!
{
	archiveVersion = 1;
	classes = {
	};
	objectVersion = 51;
	objects = {

/* Begin PBXBuildFile section */
		197805AA7404A87F199A60DF /* Pods_EssentialGuidelineiOS.framework in Frameworks */ = {isa = PBXBuildFile; fileRef = ECCBDBD94A7C34169972FA8F /* Pods_EssentialGuidelineiOS.framework */; };
		AF6BF777DC675D1B33819DD0 /* Pods_EssentialiOSApp.framework in Frameworks */ = {isa = PBXBuildFile; fileRef = BFFDDFA21FD1AE442A0B80F2 /* Pods_EssentialiOSApp.framework */; };
		B01F59A4CBCA3C871FA05610 /* Pods_EssentialGuidelineiOS_EssentialGuidelineiOSTests.framework in Frameworks */ = {isa = PBXBuildFile; fileRef = 262B098975CF4270E695692F /* Pods_EssentialGuidelineiOS_EssentialGuidelineiOSTests.framework */; };
		BD76010C25A6B1BF00EA8578 /* MVC.framework in Frameworks */ = {isa = PBXBuildFile; fileRef = BD76010325A6B1BF00EA8578 /* MVC.framework */; };
		BD76011825A6B1BF00EA8578 /* MVC.framework in Frameworks */ = {isa = PBXBuildFile; fileRef = BD76010325A6B1BF00EA8578 /* MVC.framework */; };
		BD76011925A6B1BF00EA8578 /* MVC.framework in Embed Frameworks */ = {isa = PBXBuildFile; fileRef = BD76010325A6B1BF00EA8578 /* MVC.framework */; settings = {ATTRIBUTES = (CodeSignOnCopy, RemoveHeadersOnCopy, ); }; };
		BD76FB8325A43F4900EA8578 /* EssentialFeature.framework in Frameworks */ = {isa = PBXBuildFile; fileRef = BD76FB7925A43F4900EA8578 /* EssentialFeature.framework */; };
		BD76FB9F25A4497E00EA8578 /* FeedItem.swift in Sources */ = {isa = PBXBuildFile; fileRef = BD76FB9E25A4497E00EA8578 /* FeedItem.swift */; };
		BD76FBA325A44B9100EA8578 /* FeedLoader.swift in Sources */ = {isa = PBXBuildFile; fileRef = BD76FBA225A44B9100EA8578 /* FeedLoader.swift */; };
		BD76FBA725A44BE900EA8578 /* RemoteFeedLoaderTests.swift in Sources */ = {isa = PBXBuildFile; fileRef = BD76FBA625A44BE900EA8578 /* RemoteFeedLoaderTests.swift */; };
		BD76FBE525A46D0000EA8578 /* RemoteFeedLoader.swift in Sources */ = {isa = PBXBuildFile; fileRef = BD76FBE425A46D0000EA8578 /* RemoteFeedLoader.swift */; };
		BD76FBEB25A4C2AF00EA8578 /* RemoteFeedItemsMapper.swift in Sources */ = {isa = PBXBuildFile; fileRef = BD76FBEA25A4C2AF00EA8578 /* RemoteFeedItemsMapper.swift */; };
		BD76FBFC25A4C55F00EA8578 /* EssentialGuidelineiOS.framework in Frameworks */ = {isa = PBXBuildFile; fileRef = BD76FBF325A4C55E00EA8578 /* EssentialGuidelineiOS.framework */; };
		BD76FC1325A4C5DC00EA8578 /* FeedViewControllerTests.swift in Sources */ = {isa = PBXBuildFile; fileRef = BD76FC1225A4C5DC00EA8578 /* FeedViewControllerTests.swift */; };
		BD76FC4A25A4CCD500EA8578 /* EssentialFeature.framework in Frameworks */ = {isa = PBXBuildFile; fileRef = BD76FB7925A43F4900EA8578 /* EssentialFeature.framework */; };
		BD76FC4B25A4CCD500EA8578 /* EssentialFeature.framework in Embed Frameworks */ = {isa = PBXBuildFile; fileRef = BD76FB7925A43F4900EA8578 /* EssentialFeature.framework */; settings = {ATTRIBUTES = (CodeSignOnCopy, RemoveHeadersOnCopy, ); }; };
		BD76FC5325A4CF1400EA8578 /* HTTPClient.swift in Sources */ = {isa = PBXBuildFile; fileRef = BD76FC5225A4CF1400EA8578 /* HTTPClient.swift */; };
		BD76FC5825A54CA800EA8578 /* FeedViewController.swift in Sources */ = {isa = PBXBuildFile; fileRef = BD76FC5725A54CA800EA8578 /* FeedViewController.swift */; };
		BD76FC5D25A5509E00EA8578 /* FeedUserCell.swift in Sources */ = {isa = PBXBuildFile; fileRef = BD76FC5C25A5509E00EA8578 /* FeedUserCell.swift */; };
		BD76FC6225A55ECA00EA8578 /* FeedImageDataLoader.swift in Sources */ = {isa = PBXBuildFile; fileRef = BD76FC6125A55ECA00EA8578 /* FeedImageDataLoader.swift */; };
		BD76FC6725A5613600EA8578 /* FeedUIComposer.swift in Sources */ = {isa = PBXBuildFile; fileRef = BD76FC6625A5613600EA8578 /* FeedUIComposer.swift */; };
		BD76FC8B25A56A6D00EA8578 /* AppDelegate.swift in Sources */ = {isa = PBXBuildFile; fileRef = BD76FC8A25A56A6D00EA8578 /* AppDelegate.swift */; };
		BD76FC8D25A56A6D00EA8578 /* SceneDelegate.swift in Sources */ = {isa = PBXBuildFile; fileRef = BD76FC8C25A56A6D00EA8578 /* SceneDelegate.swift */; };
		BD76FC9425A56A6E00EA8578 /* Assets.xcassets in Resources */ = {isa = PBXBuildFile; fileRef = BD76FC9325A56A6E00EA8578 /* Assets.xcassets */; };
		BD76FC9725A56A6E00EA8578 /* LaunchScreen.storyboard in Resources */ = {isa = PBXBuildFile; fileRef = BD76FC9525A56A6E00EA8578 /* LaunchScreen.storyboard */; };
		BD76FCA825A56AFB00EA8578 /* EssentialFeature.framework in Frameworks */ = {isa = PBXBuildFile; fileRef = BD76FB7925A43F4900EA8578 /* EssentialFeature.framework */; };
		BD76FCA925A56AFB00EA8578 /* EssentialFeature.framework in Embed Frameworks */ = {isa = PBXBuildFile; fileRef = BD76FB7925A43F4900EA8578 /* EssentialFeature.framework */; settings = {ATTRIBUTES = (CodeSignOnCopy, RemoveHeadersOnCopy, ); }; };
		BD76FCAD25A56AFD00EA8578 /* EssentialGuidelineiOS.framework in Frameworks */ = {isa = PBXBuildFile; fileRef = BD76FBF325A4C55E00EA8578 /* EssentialGuidelineiOS.framework */; };
		BD76FCAE25A56AFD00EA8578 /* EssentialGuidelineiOS.framework in Embed Frameworks */ = {isa = PBXBuildFile; fileRef = BD76FBF325A4C55E00EA8578 /* EssentialGuidelineiOS.framework */; settings = {ATTRIBUTES = (CodeSignOnCopy, RemoveHeadersOnCopy, ); }; };
		BD76FCB825A56BDB00EA8578 /* URLSessionHTTPClient.swift in Sources */ = {isa = PBXBuildFile; fileRef = BD76FCB725A56BDB00EA8578 /* URLSessionHTTPClient.swift */; };
		BD76FCCD25A56ED500EA8578 /* FeedUserCell.xib in Resources */ = {isa = PBXBuildFile; fileRef = BD76FCCC25A56ED500EA8578 /* FeedUserCell.xib */; };
		BDA83F4C25A6B77000E9EB18 /* FeedImageDataLoader.swift in Sources */ = {isa = PBXBuildFile; fileRef = BD76013825A6B23300EA8578 /* FeedImageDataLoader.swift */; };
		BDA83F4D25A6B77000E9EB18 /* FeedUserCell.swift in Sources */ = {isa = PBXBuildFile; fileRef = BD76013425A6B23300EA8578 /* FeedUserCell.swift */; };
		BDA83F4E25A6B77000E9EB18 /* FeedUserCell.xib in Resources */ = {isa = PBXBuildFile; fileRef = BD76013725A6B23300EA8578 /* FeedUserCell.xib */; };
		BDA83F4F25A6B77000E9EB18 /* FeedViewController.swift in Sources */ = {isa = PBXBuildFile; fileRef = BD76013525A6B23300EA8578 /* FeedViewController.swift */; };
		BDA83F5025A6B77000E9EB18 /* FeedUIComposer.swift in Sources */ = {isa = PBXBuildFile; fileRef = BD76013625A6B23300EA8578 /* FeedUIComposer.swift */; };
		BDA83F6325A6E18D00E9EB18 /* FeedViewControllerTests.swift in Sources */ = {isa = PBXBuildFile; fileRef = BDA83F6225A6E18D00E9EB18 /* FeedViewControllerTests.swift */; };
/* End PBXBuildFile section */

/* Begin PBXContainerItemProxy section */
		BD76010D25A6B1BF00EA8578 /* PBXContainerItemProxy */ = {
			isa = PBXContainerItemProxy;
			containerPortal = BD76FB6E25A43F2C00EA8578 /* Project object */;
			proxyType = 1;
			remoteGlobalIDString = BD76010225A6B1BF00EA8578;
			remoteInfo = MVC;
		};
		BD76010F25A6B1BF00EA8578 /* PBXContainerItemProxy */ = {
			isa = PBXContainerItemProxy;
			containerPortal = BD76FB6E25A43F2C00EA8578 /* Project object */;
			proxyType = 1;
			remoteGlobalIDString = BD76FC8725A56A6D00EA8578;
			remoteInfo = EssentialiOSApp;
		};
		BD76011625A6B1BF00EA8578 /* PBXContainerItemProxy */ = {
			isa = PBXContainerItemProxy;
			containerPortal = BD76FB6E25A43F2C00EA8578 /* Project object */;
			proxyType = 1;
			remoteGlobalIDString = BD76010225A6B1BF00EA8578;
			remoteInfo = MVC;
		};
		BD76FB8425A43F4900EA8578 /* PBXContainerItemProxy */ = {
			isa = PBXContainerItemProxy;
			containerPortal = BD76FB6E25A43F2C00EA8578 /* Project object */;
			proxyType = 1;
			remoteGlobalIDString = BD76FB7825A43F4900EA8578;
			remoteInfo = EssentialFeature;
		};
		BD76FBFD25A4C55F00EA8578 /* PBXContainerItemProxy */ = {
			isa = PBXContainerItemProxy;
			containerPortal = BD76FB6E25A43F2C00EA8578 /* Project object */;
			proxyType = 1;
			remoteGlobalIDString = BD76FBF225A4C55E00EA8578;
			remoteInfo = EssentialGuidelineiOS;
		};
		BD76FC4C25A4CCD500EA8578 /* PBXContainerItemProxy */ = {
			isa = PBXContainerItemProxy;
			containerPortal = BD76FB6E25A43F2C00EA8578 /* Project object */;
			proxyType = 1;
			remoteGlobalIDString = BD76FB7825A43F4900EA8578;
			remoteInfo = EssentialFeature;
		};
		BD76FCAA25A56AFB00EA8578 /* PBXContainerItemProxy */ = {
			isa = PBXContainerItemProxy;
			containerPortal = BD76FB6E25A43F2C00EA8578 /* Project object */;
			proxyType = 1;
			remoteGlobalIDString = BD76FB7825A43F4900EA8578;
			remoteInfo = EssentialFeature;
		};
		BD76FCAF25A56AFD00EA8578 /* PBXContainerItemProxy */ = {
			isa = PBXContainerItemProxy;
			containerPortal = BD76FB6E25A43F2C00EA8578 /* Project object */;
			proxyType = 1;
			remoteGlobalIDString = BD76FBF225A4C55E00EA8578;
			remoteInfo = EssentialGuidelineiOS;
		};
/* End PBXContainerItemProxy section */

/* Begin PBXCopyFilesBuildPhase section */
		BD76FC4E25A4CCD500EA8578 /* Embed Frameworks */ = {
			isa = PBXCopyFilesBuildPhase;
			buildActionMask = 2147483647;
			dstPath = "";
			dstSubfolderSpec = 10;
			files = (
				BD76FC4B25A4CCD500EA8578 /* EssentialFeature.framework in Embed Frameworks */,
			);
			name = "Embed Frameworks";
			runOnlyForDeploymentPostprocessing = 0;
		};
		BD76FCAC25A56AFB00EA8578 /* Embed Frameworks */ = {
			isa = PBXCopyFilesBuildPhase;
			buildActionMask = 2147483647;
			dstPath = "";
			dstSubfolderSpec = 10;
			files = (
				BD76FCAE25A56AFD00EA8578 /* EssentialGuidelineiOS.framework in Embed Frameworks */,
				BD76FCA925A56AFB00EA8578 /* EssentialFeature.framework in Embed Frameworks */,
				BD76011925A6B1BF00EA8578 /* MVC.framework in Embed Frameworks */,
			);
			name = "Embed Frameworks";
			runOnlyForDeploymentPostprocessing = 0;
		};
/* End PBXCopyFilesBuildPhase section */

/* Begin PBXFileReference section */
		262B098975CF4270E695692F /* Pods_EssentialGuidelineiOS_EssentialGuidelineiOSTests.framework */ = {isa = PBXFileReference; explicitFileType = wrapper.framework; includeInIndex = 0; path = Pods_EssentialGuidelineiOS_EssentialGuidelineiOSTests.framework; sourceTree = BUILT_PRODUCTS_DIR; };
		2A3163E261425065297D2D00 /* Pods-EssentialiOSApp.debug.xcconfig */ = {isa = PBXFileReference; includeInIndex = 1; lastKnownFileType = text.xcconfig; name = "Pods-EssentialiOSApp.debug.xcconfig"; path = "Target Support Files/Pods-EssentialiOSApp/Pods-EssentialiOSApp.debug.xcconfig"; sourceTree = "<group>"; };
		36E817AFB03996E9C1724EB7 /* Pods-EssentialGuidelineiOS-EssentialGuidelineiOSTests.release.xcconfig */ = {isa = PBXFileReference; includeInIndex = 1; lastKnownFileType = text.xcconfig; name = "Pods-EssentialGuidelineiOS-EssentialGuidelineiOSTests.release.xcconfig"; path = "Target Support Files/Pods-EssentialGuidelineiOS-EssentialGuidelineiOSTests/Pods-EssentialGuidelineiOS-EssentialGuidelineiOSTests.release.xcconfig"; sourceTree = "<group>"; };
		70D7BC05FCCE75A06449366E /* Pods-EssentialGuidelineiOS.debug.xcconfig */ = {isa = PBXFileReference; includeInIndex = 1; lastKnownFileType = text.xcconfig; name = "Pods-EssentialGuidelineiOS.debug.xcconfig"; path = "Target Support Files/Pods-EssentialGuidelineiOS/Pods-EssentialGuidelineiOS.debug.xcconfig"; sourceTree = "<group>"; };
		851FACB2E94C71F7CCA31A6F /* Pods-EssentialGuidelineiOS.release.xcconfig */ = {isa = PBXFileReference; includeInIndex = 1; lastKnownFileType = text.xcconfig; name = "Pods-EssentialGuidelineiOS.release.xcconfig"; path = "Target Support Files/Pods-EssentialGuidelineiOS/Pods-EssentialGuidelineiOS.release.xcconfig"; sourceTree = "<group>"; };
		92E2D7FE61812DEAD031FB64 /* Pods-EssentialGuidelineiOS-EssentialGuidelineiOSTests.debug.xcconfig */ = {isa = PBXFileReference; includeInIndex = 1; lastKnownFileType = text.xcconfig; name = "Pods-EssentialGuidelineiOS-EssentialGuidelineiOSTests.debug.xcconfig"; path = "Target Support Files/Pods-EssentialGuidelineiOS-EssentialGuidelineiOSTests/Pods-EssentialGuidelineiOS-EssentialGuidelineiOSTests.debug.xcconfig"; sourceTree = "<group>"; };
		BD76010325A6B1BF00EA8578 /* MVC.framework */ = {isa = PBXFileReference; explicitFileType = wrapper.framework; includeInIndex = 0; path = MVC.framework; sourceTree = BUILT_PRODUCTS_DIR; };
		BD76010625A6B1BF00EA8578 /* Info.plist */ = {isa = PBXFileReference; lastKnownFileType = text.plist.xml; path = Info.plist; sourceTree = "<group>"; };
		BD76010B25A6B1BF00EA8578 /* MVCTests.xctest */ = {isa = PBXFileReference; explicitFileType = wrapper.cfbundle; includeInIndex = 0; path = MVCTests.xctest; sourceTree = BUILT_PRODUCTS_DIR; };
		BD76011425A6B1BF00EA8578 /* Info.plist */ = {isa = PBXFileReference; lastKnownFileType = text.plist.xml; path = Info.plist; sourceTree = "<group>"; };
		BD76013425A6B23300EA8578 /* FeedUserCell.swift */ = {isa = PBXFileReference; lastKnownFileType = sourcecode.swift; path = FeedUserCell.swift; sourceTree = "<group>"; };
		BD76013525A6B23300EA8578 /* FeedViewController.swift */ = {isa = PBXFileReference; lastKnownFileType = sourcecode.swift; path = FeedViewController.swift; sourceTree = "<group>"; };
		BD76013625A6B23300EA8578 /* FeedUIComposer.swift */ = {isa = PBXFileReference; lastKnownFileType = sourcecode.swift; path = FeedUIComposer.swift; sourceTree = "<group>"; };
		BD76013725A6B23300EA8578 /* FeedUserCell.xib */ = {isa = PBXFileReference; lastKnownFileType = file.xib; path = FeedUserCell.xib; sourceTree = "<group>"; };
		BD76013825A6B23300EA8578 /* FeedImageDataLoader.swift */ = {isa = PBXFileReference; lastKnownFileType = sourcecode.swift; path = FeedImageDataLoader.swift; sourceTree = "<group>"; };
		BD76FB7925A43F4900EA8578 /* EssentialFeature.framework */ = {isa = PBXFileReference; explicitFileType = wrapper.framework; includeInIndex = 0; path = EssentialFeature.framework; sourceTree = BUILT_PRODUCTS_DIR; };
		BD76FB7D25A43F4900EA8578 /* Info.plist */ = {isa = PBXFileReference; lastKnownFileType = text.plist.xml; path = Info.plist; sourceTree = "<group>"; };
		BD76FB8225A43F4900EA8578 /* EssentialFeatureTests.xctest */ = {isa = PBXFileReference; explicitFileType = wrapper.cfbundle; includeInIndex = 0; path = EssentialFeatureTests.xctest; sourceTree = BUILT_PRODUCTS_DIR; };
		BD76FB8925A43F4900EA8578 /* Info.plist */ = {isa = PBXFileReference; lastKnownFileType = text.plist.xml; path = Info.plist; sourceTree = "<group>"; };
		BD76FB9E25A4497E00EA8578 /* FeedItem.swift */ = {isa = PBXFileReference; lastKnownFileType = sourcecode.swift; path = FeedItem.swift; sourceTree = "<group>"; };
		BD76FBA225A44B9100EA8578 /* FeedLoader.swift */ = {isa = PBXFileReference; lastKnownFileType = sourcecode.swift; path = FeedLoader.swift; sourceTree = "<group>"; };
		BD76FBA625A44BE900EA8578 /* RemoteFeedLoaderTests.swift */ = {isa = PBXFileReference; lastKnownFileType = sourcecode.swift; path = RemoteFeedLoaderTests.swift; sourceTree = "<group>"; };
		BD76FBE425A46D0000EA8578 /* RemoteFeedLoader.swift */ = {isa = PBXFileReference; lastKnownFileType = sourcecode.swift; path = RemoteFeedLoader.swift; sourceTree = "<group>"; };
		BD76FBEA25A4C2AF00EA8578 /* RemoteFeedItemsMapper.swift */ = {isa = PBXFileReference; lastKnownFileType = sourcecode.swift; path = RemoteFeedItemsMapper.swift; sourceTree = "<group>"; };
		BD76FBF325A4C55E00EA8578 /* EssentialGuidelineiOS.framework */ = {isa = PBXFileReference; explicitFileType = wrapper.framework; includeInIndex = 0; path = EssentialGuidelineiOS.framework; sourceTree = BUILT_PRODUCTS_DIR; };
		BD76FBF625A4C55E00EA8578 /* Info.plist */ = {isa = PBXFileReference; lastKnownFileType = text.plist.xml; path = Info.plist; sourceTree = "<group>"; };
		BD76FBFB25A4C55F00EA8578 /* EssentialGuidelineiOSTests.xctest */ = {isa = PBXFileReference; explicitFileType = wrapper.cfbundle; includeInIndex = 0; path = EssentialGuidelineiOSTests.xctest; sourceTree = BUILT_PRODUCTS_DIR; };
		BD76FC0225A4C55F00EA8578 /* Info.plist */ = {isa = PBXFileReference; lastKnownFileType = text.plist.xml; path = Info.plist; sourceTree = "<group>"; };
		BD76FC1225A4C5DC00EA8578 /* FeedViewControllerTests.swift */ = {isa = PBXFileReference; lastKnownFileType = sourcecode.swift; path = FeedViewControllerTests.swift; sourceTree = "<group>"; };
		BD76FC5225A4CF1400EA8578 /* HTTPClient.swift */ = {isa = PBXFileReference; lastKnownFileType = sourcecode.swift; path = HTTPClient.swift; sourceTree = "<group>"; };
		BD76FC5725A54CA800EA8578 /* FeedViewController.swift */ = {isa = PBXFileReference; lastKnownFileType = sourcecode.swift; path = FeedViewController.swift; sourceTree = "<group>"; };
		BD76FC5C25A5509E00EA8578 /* FeedUserCell.swift */ = {isa = PBXFileReference; lastKnownFileType = sourcecode.swift; path = FeedUserCell.swift; sourceTree = "<group>"; };
		BD76FC6125A55ECA00EA8578 /* FeedImageDataLoader.swift */ = {isa = PBXFileReference; lastKnownFileType = sourcecode.swift; path = FeedImageDataLoader.swift; sourceTree = "<group>"; };
		BD76FC6625A5613600EA8578 /* FeedUIComposer.swift */ = {isa = PBXFileReference; lastKnownFileType = sourcecode.swift; path = FeedUIComposer.swift; sourceTree = "<group>"; };
		BD76FC8825A56A6D00EA8578 /* EssentialiOSApp.app */ = {isa = PBXFileReference; explicitFileType = wrapper.application; includeInIndex = 0; path = EssentialiOSApp.app; sourceTree = BUILT_PRODUCTS_DIR; };
		BD76FC8A25A56A6D00EA8578 /* AppDelegate.swift */ = {isa = PBXFileReference; lastKnownFileType = sourcecode.swift; path = AppDelegate.swift; sourceTree = "<group>"; };
		BD76FC8C25A56A6D00EA8578 /* SceneDelegate.swift */ = {isa = PBXFileReference; lastKnownFileType = sourcecode.swift; path = SceneDelegate.swift; sourceTree = "<group>"; };
		BD76FC9325A56A6E00EA8578 /* Assets.xcassets */ = {isa = PBXFileReference; lastKnownFileType = folder.assetcatalog; path = Assets.xcassets; sourceTree = "<group>"; };
		BD76FC9625A56A6E00EA8578 /* Base */ = {isa = PBXFileReference; lastKnownFileType = file.storyboard; name = Base; path = Base.lproj/LaunchScreen.storyboard; sourceTree = "<group>"; };
		BD76FC9825A56A6E00EA8578 /* Info.plist */ = {isa = PBXFileReference; lastKnownFileType = text.plist.xml; path = Info.plist; sourceTree = "<group>"; };
		BD76FCB725A56BDB00EA8578 /* URLSessionHTTPClient.swift */ = {isa = PBXFileReference; lastKnownFileType = sourcecode.swift; path = URLSessionHTTPClient.swift; sourceTree = "<group>"; };
		BD76FCBC25A56DCB00EA8578 /* SDWebImage.framework */ = {isa = PBXFileReference; explicitFileType = wrapper.framework; path = SDWebImage.framework; sourceTree = BUILT_PRODUCTS_DIR; };
		BD76FCCC25A56ED500EA8578 /* FeedUserCell.xib */ = {isa = PBXFileReference; lastKnownFileType = file.xib; path = FeedUserCell.xib; sourceTree = "<group>"; };
		BDA83F6225A6E18D00E9EB18 /* FeedViewControllerTests.swift */ = {isa = PBXFileReference; lastKnownFileType = sourcecode.swift; path = FeedViewControllerTests.swift; sourceTree = "<group>"; };
		BFFDDFA21FD1AE442A0B80F2 /* Pods_EssentialiOSApp.framework */ = {isa = PBXFileReference; explicitFileType = wrapper.framework; includeInIndex = 0; path = Pods_EssentialiOSApp.framework; sourceTree = BUILT_PRODUCTS_DIR; };
		C121AD836EC594E310C63ADA /* Pods-EssentialiOSApp.release.xcconfig */ = {isa = PBXFileReference; includeInIndex = 1; lastKnownFileType = text.xcconfig; name = "Pods-EssentialiOSApp.release.xcconfig"; path = "Target Support Files/Pods-EssentialiOSApp/Pods-EssentialiOSApp.release.xcconfig"; sourceTree = "<group>"; };
		ECCBDBD94A7C34169972FA8F /* Pods_EssentialGuidelineiOS.framework */ = {isa = PBXFileReference; explicitFileType = wrapper.framework; includeInIndex = 0; path = Pods_EssentialGuidelineiOS.framework; sourceTree = BUILT_PRODUCTS_DIR; };
/* End PBXFileReference section */

/* Begin PBXFrameworksBuildPhase section */
		BD76010025A6B1BF00EA8578 /* Frameworks */ = {
			isa = PBXFrameworksBuildPhase;
			buildActionMask = 2147483647;
			files = (
			);
			runOnlyForDeploymentPostprocessing = 0;
		};
		BD76010825A6B1BF00EA8578 /* Frameworks */ = {
			isa = PBXFrameworksBuildPhase;
			buildActionMask = 2147483647;
			files = (
				BD76010C25A6B1BF00EA8578 /* MVC.framework in Frameworks */,
			);
			runOnlyForDeploymentPostprocessing = 0;
		};
		BD76FB7625A43F4900EA8578 /* Frameworks */ = {
			isa = PBXFrameworksBuildPhase;
			buildActionMask = 2147483647;
			files = (
			);
			runOnlyForDeploymentPostprocessing = 0;
		};
		BD76FB7F25A43F4900EA8578 /* Frameworks */ = {
			isa = PBXFrameworksBuildPhase;
			buildActionMask = 2147483647;
			files = (
				BD76FB8325A43F4900EA8578 /* EssentialFeature.framework in Frameworks */,
			);
			runOnlyForDeploymentPostprocessing = 0;
		};
		BD76FBF025A4C55E00EA8578 /* Frameworks */ = {
			isa = PBXFrameworksBuildPhase;
			buildActionMask = 2147483647;
			files = (
				BD76FC4A25A4CCD500EA8578 /* EssentialFeature.framework in Frameworks */,
				197805AA7404A87F199A60DF /* Pods_EssentialGuidelineiOS.framework in Frameworks */,
			);
			runOnlyForDeploymentPostprocessing = 0;
		};
		BD76FBF825A4C55F00EA8578 /* Frameworks */ = {
			isa = PBXFrameworksBuildPhase;
			buildActionMask = 2147483647;
			files = (
				BD76FBFC25A4C55F00EA8578 /* EssentialGuidelineiOS.framework in Frameworks */,
				B01F59A4CBCA3C871FA05610 /* Pods_EssentialGuidelineiOS_EssentialGuidelineiOSTests.framework in Frameworks */,
			);
			runOnlyForDeploymentPostprocessing = 0;
		};
		BD76FC8525A56A6D00EA8578 /* Frameworks */ = {
			isa = PBXFrameworksBuildPhase;
			buildActionMask = 2147483647;
			files = (
				BD76FCAD25A56AFD00EA8578 /* EssentialGuidelineiOS.framework in Frameworks */,
				BD76FCA825A56AFB00EA8578 /* EssentialFeature.framework in Frameworks */,
				AF6BF777DC675D1B33819DD0 /* Pods_EssentialiOSApp.framework in Frameworks */,
				BD76011825A6B1BF00EA8578 /* MVC.framework in Frameworks */,
			);
			runOnlyForDeploymentPostprocessing = 0;
		};
/* End PBXFrameworksBuildPhase section */

/* Begin PBXGroup section */
		B154BEBB4446A0B08D25C582 /* Pods */ = {
			isa = PBXGroup;
			children = (
				70D7BC05FCCE75A06449366E /* Pods-EssentialGuidelineiOS.debug.xcconfig */,
				851FACB2E94C71F7CCA31A6F /* Pods-EssentialGuidelineiOS.release.xcconfig */,
				92E2D7FE61812DEAD031FB64 /* Pods-EssentialGuidelineiOS-EssentialGuidelineiOSTests.debug.xcconfig */,
				36E817AFB03996E9C1724EB7 /* Pods-EssentialGuidelineiOS-EssentialGuidelineiOSTests.release.xcconfig */,
				2A3163E261425065297D2D00 /* Pods-EssentialiOSApp.debug.xcconfig */,
				C121AD836EC594E310C63ADA /* Pods-EssentialiOSApp.release.xcconfig */,
			);
			path = Pods;
			sourceTree = "<group>";
		};
		BD76010425A6B1BF00EA8578 /* MVC */ = {
			isa = PBXGroup;
			children = (
				BD76013525A6B23300EA8578 /* FeedViewController.swift */,
				BD76013425A6B23300EA8578 /* FeedUserCell.swift */,
				BD76013725A6B23300EA8578 /* FeedUserCell.xib */,
				BD76013825A6B23300EA8578 /* FeedImageDataLoader.swift */,
				BD76013625A6B23300EA8578 /* FeedUIComposer.swift */,
				BD76010625A6B1BF00EA8578 /* Info.plist */,
			);
			path = MVC;
			sourceTree = "<group>";
		};
		BD76011125A6B1BF00EA8578 /* MVCTests */ = {
			isa = PBXGroup;
			children = (
				BD76011425A6B1BF00EA8578 /* Info.plist */,
				BDA83F6225A6E18D00E9EB18 /* FeedViewControllerTests.swift */,
			);
			path = MVCTests;
			sourceTree = "<group>";
		};
		BD76FB6D25A43F2C00EA8578 = {
			isa = PBXGroup;
			children = (
				BD76FB7B25A43F4900EA8578 /* EssentialFeature */,
				BD76FB8625A43F4900EA8578 /* EssentialFeatureTests */,
				BD76FBF425A4C55E00EA8578 /* EssentialGuidelineiOS */,
				BD76FBFF25A4C55F00EA8578 /* EssentialGuidelineiOSTests */,
				BD76010425A6B1BF00EA8578 /* MVC */,
				BD76011125A6B1BF00EA8578 /* MVCTests */,
				BD76FC8925A56A6D00EA8578 /* EssentialiOSApp */,
				BD76FB7A25A43F4900EA8578 /* Products */,
				BD76FC1825A4CA4B00EA8578 /* Frameworks */,
				B154BEBB4446A0B08D25C582 /* Pods */,
			);
			sourceTree = "<group>";
		};
		BD76FB7A25A43F4900EA8578 /* Products */ = {
			isa = PBXGroup;
			children = (
				BD76FB7925A43F4900EA8578 /* EssentialFeature.framework */,
				BD76FB8225A43F4900EA8578 /* EssentialFeatureTests.xctest */,
				BD76FBF325A4C55E00EA8578 /* EssentialGuidelineiOS.framework */,
				BD76FBFB25A4C55F00EA8578 /* EssentialGuidelineiOSTests.xctest */,
				BD76FC8825A56A6D00EA8578 /* EssentialiOSApp.app */,
				BD76010325A6B1BF00EA8578 /* MVC.framework */,
				BD76010B25A6B1BF00EA8578 /* MVCTests.xctest */,
			);
			name = Products;
			sourceTree = "<group>";
		};
		BD76FB7B25A43F4900EA8578 /* EssentialFeature */ = {
			isa = PBXGroup;
			children = (
				BD76FBE325A46CC400EA8578 /* Feed API */,
				BD76FB9725A4491D00EA8578 /* Feed Feature */,
				BD76FB7D25A43F4900EA8578 /* Info.plist */,
			);
			path = EssentialFeature;
			sourceTree = "<group>";
		};
		BD76FB8625A43F4900EA8578 /* EssentialFeatureTests */ = {
			isa = PBXGroup;
			children = (
				BD76FB8925A43F4900EA8578 /* Info.plist */,
				BD76FBA625A44BE900EA8578 /* RemoteFeedLoaderTests.swift */,
			);
			path = EssentialFeatureTests;
			sourceTree = "<group>";
		};
		BD76FB9725A4491D00EA8578 /* Feed Feature */ = {
			isa = PBXGroup;
			children = (
				BD76FB9E25A4497E00EA8578 /* FeedItem.swift */,
				BD76FBA225A44B9100EA8578 /* FeedLoader.swift */,
			);
			path = "Feed Feature";
			sourceTree = "<group>";
		};
		BD76FBE325A46CC400EA8578 /* Feed API */ = {
			isa = PBXGroup;
			children = (
				BD76FBE425A46D0000EA8578 /* RemoteFeedLoader.swift */,
				BD76FBEA25A4C2AF00EA8578 /* RemoteFeedItemsMapper.swift */,
				BD76FC5225A4CF1400EA8578 /* HTTPClient.swift */,
				BD76FCB725A56BDB00EA8578 /* URLSessionHTTPClient.swift */,
			);
			path = "Feed API";
			sourceTree = "<group>";
		};
		BD76FBF425A4C55E00EA8578 /* EssentialGuidelineiOS */ = {
			isa = PBXGroup;
			children = (
				BD76FBF625A4C55E00EA8578 /* Info.plist */,
				BD76FC5725A54CA800EA8578 /* FeedViewController.swift */,
				BD76FC5C25A5509E00EA8578 /* FeedUserCell.swift */,
				BD76FCCC25A56ED500EA8578 /* FeedUserCell.xib */,
				BD76FC6125A55ECA00EA8578 /* FeedImageDataLoader.swift */,
				BD76FC6625A5613600EA8578 /* FeedUIComposer.swift */,
			);
			path = EssentialGuidelineiOS;
			sourceTree = "<group>";
		};
		BD76FBFF25A4C55F00EA8578 /* EssentialGuidelineiOSTests */ = {
			isa = PBXGroup;
			children = (
				BD76FC0225A4C55F00EA8578 /* Info.plist */,
				BD76FC1225A4C5DC00EA8578 /* FeedViewControllerTests.swift */,
			);
			path = EssentialGuidelineiOSTests;
			sourceTree = "<group>";
		};
		BD76FC1825A4CA4B00EA8578 /* Frameworks */ = {
			isa = PBXGroup;
			children = (
				BD76FCBC25A56DCB00EA8578 /* SDWebImage.framework */,
				ECCBDBD94A7C34169972FA8F /* Pods_EssentialGuidelineiOS.framework */,
				262B098975CF4270E695692F /* Pods_EssentialGuidelineiOS_EssentialGuidelineiOSTests.framework */,
				BFFDDFA21FD1AE442A0B80F2 /* Pods_EssentialiOSApp.framework */,
			);
			name = Frameworks;
			sourceTree = "<group>";
		};
		BD76FC8925A56A6D00EA8578 /* EssentialiOSApp */ = {
			isa = PBXGroup;
			children = (
				BD76FC8A25A56A6D00EA8578 /* AppDelegate.swift */,
				BD76FC8C25A56A6D00EA8578 /* SceneDelegate.swift */,
				BD76FC9325A56A6E00EA8578 /* Assets.xcassets */,
				BD76FC9525A56A6E00EA8578 /* LaunchScreen.storyboard */,
				BD76FC9825A56A6E00EA8578 /* Info.plist */,
			);
			path = EssentialiOSApp;
			sourceTree = "<group>";
		};
/* End PBXGroup section */

/* Begin PBXHeadersBuildPhase section */
		BD7600FE25A6B1BF00EA8578 /* Headers */ = {
			isa = PBXHeadersBuildPhase;
			buildActionMask = 2147483647;
			files = (
			);
			runOnlyForDeploymentPostprocessing = 0;
		};
		BD76FB7425A43F4900EA8578 /* Headers */ = {
			isa = PBXHeadersBuildPhase;
			buildActionMask = 2147483647;
			files = (
			);
			runOnlyForDeploymentPostprocessing = 0;
		};
		BD76FBEE25A4C55E00EA8578 /* Headers */ = {
			isa = PBXHeadersBuildPhase;
			buildActionMask = 2147483647;
			files = (
			);
			runOnlyForDeploymentPostprocessing = 0;
		};
/* End PBXHeadersBuildPhase section */

/* Begin PBXNativeTarget section */
		BD76010225A6B1BF00EA8578 /* MVC */ = {
			isa = PBXNativeTarget;
			buildConfigurationList = BD76011E25A6B1BF00EA8578 /* Build configuration list for PBXNativeTarget "MVC" */;
			buildPhases = (
				BD7600FE25A6B1BF00EA8578 /* Headers */,
				BD7600FF25A6B1BF00EA8578 /* Sources */,
				BD76010025A6B1BF00EA8578 /* Frameworks */,
				BD76010125A6B1BF00EA8578 /* Resources */,
			);
			buildRules = (
			);
			dependencies = (
			);
			name = MVC;
			productName = MVC;
			productReference = BD76010325A6B1BF00EA8578 /* MVC.framework */;
			productType = "com.apple.product-type.framework";
		};
		BD76010A25A6B1BF00EA8578 /* MVCTests */ = {
			isa = PBXNativeTarget;
			buildConfigurationList = BD76011F25A6B1BF00EA8578 /* Build configuration list for PBXNativeTarget "MVCTests" */;
			buildPhases = (
				BD76010725A6B1BF00EA8578 /* Sources */,
				BD76010825A6B1BF00EA8578 /* Frameworks */,
				BD76010925A6B1BF00EA8578 /* Resources */,
			);
			buildRules = (
			);
			dependencies = (
				BD76010E25A6B1BF00EA8578 /* PBXTargetDependency */,
				BD76011025A6B1BF00EA8578 /* PBXTargetDependency */,
			);
			name = MVCTests;
			productName = MVCTests;
			productReference = BD76010B25A6B1BF00EA8578 /* MVCTests.xctest */;
			productType = "com.apple.product-type.bundle.unit-test";
		};
		BD76FB7825A43F4900EA8578 /* EssentialFeature */ = {
			isa = PBXNativeTarget;
			buildConfigurationList = BD76FB8B25A43F4900EA8578 /* Build configuration list for PBXNativeTarget "EssentialFeature" */;
			buildPhases = (
				BD76FB7425A43F4900EA8578 /* Headers */,
				BD76FB7525A43F4900EA8578 /* Sources */,
				BD76FB7625A43F4900EA8578 /* Frameworks */,
				BD76FB7725A43F4900EA8578 /* Resources */,
			);
			buildRules = (
			);
			dependencies = (
			);
			name = EssentialFeature;
			productName = EssentialFeature;
			productReference = BD76FB7925A43F4900EA8578 /* EssentialFeature.framework */;
			productType = "com.apple.product-type.framework";
		};
		BD76FB8125A43F4900EA8578 /* EssentialFeatureTests */ = {
			isa = PBXNativeTarget;
			buildConfigurationList = BD76FB8E25A43F4900EA8578 /* Build configuration list for PBXNativeTarget "EssentialFeatureTests" */;
			buildPhases = (
				BD76FB7E25A43F4900EA8578 /* Sources */,
				BD76FB7F25A43F4900EA8578 /* Frameworks */,
				BD76FB8025A43F4900EA8578 /* Resources */,
			);
			buildRules = (
			);
			dependencies = (
				BD76FB8525A43F4900EA8578 /* PBXTargetDependency */,
			);
			name = EssentialFeatureTests;
			productName = EssentialFeatureTests;
			productReference = BD76FB8225A43F4900EA8578 /* EssentialFeatureTests.xctest */;
			productType = "com.apple.product-type.bundle.unit-test";
		};
		BD76FBF225A4C55E00EA8578 /* EssentialGuidelineiOS */ = {
			isa = PBXNativeTarget;
			buildConfigurationList = BD76FC0425A4C55F00EA8578 /* Build configuration list for PBXNativeTarget "EssentialGuidelineiOS" */;
			buildPhases = (
				294F08DA0CAACFE6EAB9C457 /* [CP] Check Pods Manifest.lock */,
				BD76FBEE25A4C55E00EA8578 /* Headers */,
				BD76FBEF25A4C55E00EA8578 /* Sources */,
				BD76FBF025A4C55E00EA8578 /* Frameworks */,
				BD76FBF125A4C55E00EA8578 /* Resources */,
				BD76FC4E25A4CCD500EA8578 /* Embed Frameworks */,
			);
			buildRules = (
			);
			dependencies = (
				BD76FC4D25A4CCD500EA8578 /* PBXTargetDependency */,
			);
			name = EssentialGuidelineiOS;
			productName = EssentialGuidelineiOS;
			productReference = BD76FBF325A4C55E00EA8578 /* EssentialGuidelineiOS.framework */;
			productType = "com.apple.product-type.framework";
		};
		BD76FBFA25A4C55F00EA8578 /* EssentialGuidelineiOSTests */ = {
			isa = PBXNativeTarget;
			buildConfigurationList = BD76FC0725A4C55F00EA8578 /* Build configuration list for PBXNativeTarget "EssentialGuidelineiOSTests" */;
			buildPhases = (
				3D221EBD94AE6EC176A0793E /* [CP] Check Pods Manifest.lock */,
				BD76FBF725A4C55F00EA8578 /* Sources */,
				BD76FBF825A4C55F00EA8578 /* Frameworks */,
				BD76FBF925A4C55F00EA8578 /* Resources */,
				05BBFBE7C766908A0BCF22F6 /* [CP] Embed Pods Frameworks */,
			);
			buildRules = (
			);
			dependencies = (
				BD76FBFE25A4C55F00EA8578 /* PBXTargetDependency */,
			);
			name = EssentialGuidelineiOSTests;
			productName = EssentialGuidelineiOSTests;
			productReference = BD76FBFB25A4C55F00EA8578 /* EssentialGuidelineiOSTests.xctest */;
			productType = "com.apple.product-type.bundle.unit-test";
		};
		BD76FC8725A56A6D00EA8578 /* EssentialiOSApp */ = {
			isa = PBXNativeTarget;
			buildConfigurationList = BD76FC9B25A56A6E00EA8578 /* Build configuration list for PBXNativeTarget "EssentialiOSApp" */;
			buildPhases = (
				8E891469E2F949EDFC39C60A /* [CP] Check Pods Manifest.lock */,
				BD76FC8425A56A6D00EA8578 /* Sources */,
				BD76FC8525A56A6D00EA8578 /* Frameworks */,
				BD76FC8625A56A6D00EA8578 /* Resources */,
				BD76FCAC25A56AFB00EA8578 /* Embed Frameworks */,
				A61980C9367DB4D488F91BFD /* [CP] Embed Pods Frameworks */,
			);
			buildRules = (
			);
			dependencies = (
				BD76FCAB25A56AFB00EA8578 /* PBXTargetDependency */,
				BD76FCB025A56AFD00EA8578 /* PBXTargetDependency */,
				BD76011725A6B1BF00EA8578 /* PBXTargetDependency */,
			);
			name = EssentialiOSApp;
			productName = EssentialiOSApp;
			productReference = BD76FC8825A56A6D00EA8578 /* EssentialiOSApp.app */;
			productType = "com.apple.product-type.application";
		};
/* End PBXNativeTarget section */

/* Begin PBXProject section */
		BD76FB6E25A43F2C00EA8578 /* Project object */ = {
			isa = PBXProject;
			attributes = {
				LastSwiftUpdateCheck = 1220;
				LastUpgradeCheck = 1220;
				TargetAttributes = {
					BD76010225A6B1BF00EA8578 = {
						CreatedOnToolsVersion = 12.2;
					};
					BD76010A25A6B1BF00EA8578 = {
						CreatedOnToolsVersion = 12.2;
						LastSwiftMigration = 1220;
						TestTargetID = BD76FC8725A56A6D00EA8578;
					};
					BD76FB7825A43F4900EA8578 = {
						CreatedOnToolsVersion = 12.2;
						LastSwiftMigration = 1220;
					};
					BD76FB8125A43F4900EA8578 = {
						CreatedOnToolsVersion = 12.2;
						LastSwiftMigration = 1220;
					};
					BD76FBF225A4C55E00EA8578 = {
						CreatedOnToolsVersion = 12.2;
						LastSwiftMigration = 1220;
					};
					BD76FBFA25A4C55F00EA8578 = {
						CreatedOnToolsVersion = 12.2;
						LastSwiftMigration = 1220;
					};
					BD76FC8725A56A6D00EA8578 = {
						CreatedOnToolsVersion = 12.2;
					};
				};
			};
			buildConfigurationList = BD76FB7125A43F2C00EA8578 /* Build configuration list for PBXProject "EssentialGuideline" */;
			compatibilityVersion = "Xcode 9.3";
			developmentRegion = en;
			hasScannedForEncodings = 0;
			knownRegions = (
				en,
				Base,
			);
			mainGroup = BD76FB6D25A43F2C00EA8578;
			productRefGroup = BD76FB7A25A43F4900EA8578 /* Products */;
			projectDirPath = "";
			projectRoot = "";
			targets = (
				BD76FB7825A43F4900EA8578 /* EssentialFeature */,
				BD76FB8125A43F4900EA8578 /* EssentialFeatureTests */,
				BD76FBF225A4C55E00EA8578 /* EssentialGuidelineiOS */,
				BD76FBFA25A4C55F00EA8578 /* EssentialGuidelineiOSTests */,
				BD76010225A6B1BF00EA8578 /* MVC */,
				BD76010A25A6B1BF00EA8578 /* MVCTests */,
				BD76FC8725A56A6D00EA8578 /* EssentialiOSApp */,
			);
		};
/* End PBXProject section */

/* Begin PBXResourcesBuildPhase section */
		BD76010125A6B1BF00EA8578 /* Resources */ = {
			isa = PBXResourcesBuildPhase;
			buildActionMask = 2147483647;
			files = (
				BDA83F4E25A6B77000E9EB18 /* FeedUserCell.xib in Resources */,
			);
			runOnlyForDeploymentPostprocessing = 0;
		};
		BD76010925A6B1BF00EA8578 /* Resources */ = {
			isa = PBXResourcesBuildPhase;
			buildActionMask = 2147483647;
			files = (
			);
			runOnlyForDeploymentPostprocessing = 0;
		};
		BD76FB7725A43F4900EA8578 /* Resources */ = {
			isa = PBXResourcesBuildPhase;
			buildActionMask = 2147483647;
			files = (
			);
			runOnlyForDeploymentPostprocessing = 0;
		};
		BD76FB8025A43F4900EA8578 /* Resources */ = {
			isa = PBXResourcesBuildPhase;
			buildActionMask = 2147483647;
			files = (
			);
			runOnlyForDeploymentPostprocessing = 0;
		};
		BD76FBF125A4C55E00EA8578 /* Resources */ = {
			isa = PBXResourcesBuildPhase;
			buildActionMask = 2147483647;
			files = (
				BD76FCCD25A56ED500EA8578 /* FeedUserCell.xib in Resources */,
			);
			runOnlyForDeploymentPostprocessing = 0;
		};
		BD76FBF925A4C55F00EA8578 /* Resources */ = {
			isa = PBXResourcesBuildPhase;
			buildActionMask = 2147483647;
			files = (
			);
			runOnlyForDeploymentPostprocessing = 0;
		};
		BD76FC8625A56A6D00EA8578 /* Resources */ = {
			isa = PBXResourcesBuildPhase;
			buildActionMask = 2147483647;
			files = (
				BD76FC9725A56A6E00EA8578 /* LaunchScreen.storyboard in Resources */,
				BD76FC9425A56A6E00EA8578 /* Assets.xcassets in Resources */,
			);
			runOnlyForDeploymentPostprocessing = 0;
		};
/* End PBXResourcesBuildPhase section */

/* Begin PBXShellScriptBuildPhase section */
		05BBFBE7C766908A0BCF22F6 /* [CP] Embed Pods Frameworks */ = {
			isa = PBXShellScriptBuildPhase;
			buildActionMask = 2147483647;
			files = (
			);
			inputFileListPaths = (
				"${PODS_ROOT}/Target Support Files/Pods-EssentialGuidelineiOS-EssentialGuidelineiOSTests/Pods-EssentialGuidelineiOS-EssentialGuidelineiOSTests-frameworks-${CONFIGURATION}-input-files.xcfilelist",
			);
			name = "[CP] Embed Pods Frameworks";
			outputFileListPaths = (
				"${PODS_ROOT}/Target Support Files/Pods-EssentialGuidelineiOS-EssentialGuidelineiOSTests/Pods-EssentialGuidelineiOS-EssentialGuidelineiOSTests-frameworks-${CONFIGURATION}-output-files.xcfilelist",
			);
			runOnlyForDeploymentPostprocessing = 0;
			shellPath = /bin/sh;
			shellScript = "\"${PODS_ROOT}/Target Support Files/Pods-EssentialGuidelineiOS-EssentialGuidelineiOSTests/Pods-EssentialGuidelineiOS-EssentialGuidelineiOSTests-frameworks.sh\"\n";
			showEnvVarsInLog = 0;
		};
		294F08DA0CAACFE6EAB9C457 /* [CP] Check Pods Manifest.lock */ = {
			isa = PBXShellScriptBuildPhase;
			buildActionMask = 2147483647;
			files = (
			);
			inputFileListPaths = (
			);
			inputPaths = (
				"${PODS_PODFILE_DIR_PATH}/Podfile.lock",
				"${PODS_ROOT}/Manifest.lock",
			);
			name = "[CP] Check Pods Manifest.lock";
			outputFileListPaths = (
			);
			outputPaths = (
				"$(DERIVED_FILE_DIR)/Pods-EssentialGuidelineiOS-checkManifestLockResult.txt",
			);
			runOnlyForDeploymentPostprocessing = 0;
			shellPath = /bin/sh;
			shellScript = "diff \"${PODS_PODFILE_DIR_PATH}/Podfile.lock\" \"${PODS_ROOT}/Manifest.lock\" > /dev/null\nif [ $? != 0 ] ; then\n    # print error to STDERR\n    echo \"error: The sandbox is not in sync with the Podfile.lock. Run 'pod install' or update your CocoaPods installation.\" >&2\n    exit 1\nfi\n# This output is used by Xcode 'outputs' to avoid re-running this script phase.\necho \"SUCCESS\" > \"${SCRIPT_OUTPUT_FILE_0}\"\n";
			showEnvVarsInLog = 0;
		};
		3D221EBD94AE6EC176A0793E /* [CP] Check Pods Manifest.lock */ = {
			isa = PBXShellScriptBuildPhase;
			buildActionMask = 2147483647;
			files = (
			);
			inputFileListPaths = (
			);
			inputPaths = (
				"${PODS_PODFILE_DIR_PATH}/Podfile.lock",
				"${PODS_ROOT}/Manifest.lock",
			);
			name = "[CP] Check Pods Manifest.lock";
			outputFileListPaths = (
			);
			outputPaths = (
				"$(DERIVED_FILE_DIR)/Pods-EssentialGuidelineiOS-EssentialGuidelineiOSTests-checkManifestLockResult.txt",
			);
			runOnlyForDeploymentPostprocessing = 0;
			shellPath = /bin/sh;
			shellScript = "diff \"${PODS_PODFILE_DIR_PATH}/Podfile.lock\" \"${PODS_ROOT}/Manifest.lock\" > /dev/null\nif [ $? != 0 ] ; then\n    # print error to STDERR\n    echo \"error: The sandbox is not in sync with the Podfile.lock. Run 'pod install' or update your CocoaPods installation.\" >&2\n    exit 1\nfi\n# This output is used by Xcode 'outputs' to avoid re-running this script phase.\necho \"SUCCESS\" > \"${SCRIPT_OUTPUT_FILE_0}\"\n";
			showEnvVarsInLog = 0;
		};
		8E891469E2F949EDFC39C60A /* [CP] Check Pods Manifest.lock */ = {
			isa = PBXShellScriptBuildPhase;
			buildActionMask = 2147483647;
			files = (
			);
			inputFileListPaths = (
			);
			inputPaths = (
				"${PODS_PODFILE_DIR_PATH}/Podfile.lock",
				"${PODS_ROOT}/Manifest.lock",
			);
			name = "[CP] Check Pods Manifest.lock";
			outputFileListPaths = (
			);
			outputPaths = (
				"$(DERIVED_FILE_DIR)/Pods-EssentialiOSApp-checkManifestLockResult.txt",
			);
			runOnlyForDeploymentPostprocessing = 0;
			shellPath = /bin/sh;
			shellScript = "diff \"${PODS_PODFILE_DIR_PATH}/Podfile.lock\" \"${PODS_ROOT}/Manifest.lock\" > /dev/null\nif [ $? != 0 ] ; then\n    # print error to STDERR\n    echo \"error: The sandbox is not in sync with the Podfile.lock. Run 'pod install' or update your CocoaPods installation.\" >&2\n    exit 1\nfi\n# This output is used by Xcode 'outputs' to avoid re-running this script phase.\necho \"SUCCESS\" > \"${SCRIPT_OUTPUT_FILE_0}\"\n";
			showEnvVarsInLog = 0;
		};
		A61980C9367DB4D488F91BFD /* [CP] Embed Pods Frameworks */ = {
			isa = PBXShellScriptBuildPhase;
			buildActionMask = 2147483647;
			files = (
			);
			inputFileListPaths = (
				"${PODS_ROOT}/Target Support Files/Pods-EssentialiOSApp/Pods-EssentialiOSApp-frameworks-${CONFIGURATION}-input-files.xcfilelist",
			);
			name = "[CP] Embed Pods Frameworks";
			outputFileListPaths = (
				"${PODS_ROOT}/Target Support Files/Pods-EssentialiOSApp/Pods-EssentialiOSApp-frameworks-${CONFIGURATION}-output-files.xcfilelist",
			);
			runOnlyForDeploymentPostprocessing = 0;
			shellPath = /bin/sh;
			shellScript = "\"${PODS_ROOT}/Target Support Files/Pods-EssentialiOSApp/Pods-EssentialiOSApp-frameworks.sh\"\n";
			showEnvVarsInLog = 0;
		};
/* End PBXShellScriptBuildPhase section */

/* Begin PBXSourcesBuildPhase section */
		BD7600FF25A6B1BF00EA8578 /* Sources */ = {
			isa = PBXSourcesBuildPhase;
			buildActionMask = 2147483647;
			files = (
				BDA83F4D25A6B77000E9EB18 /* FeedUserCell.swift in Sources */,
				BDA83F5025A6B77000E9EB18 /* FeedUIComposer.swift in Sources */,
				BDA83F4F25A6B77000E9EB18 /* FeedViewController.swift in Sources */,
				BDA83F4C25A6B77000E9EB18 /* FeedImageDataLoader.swift in Sources */,
			);
			runOnlyForDeploymentPostprocessing = 0;
		};
		BD76010725A6B1BF00EA8578 /* Sources */ = {
			isa = PBXSourcesBuildPhase;
			buildActionMask = 2147483647;
			files = (
				BDA83F6325A6E18D00E9EB18 /* FeedViewControllerTests.swift in Sources */,
			);
			runOnlyForDeploymentPostprocessing = 0;
		};
		BD76FB7525A43F4900EA8578 /* Sources */ = {
			isa = PBXSourcesBuildPhase;
			buildActionMask = 2147483647;
			files = (
				BD76FBA325A44B9100EA8578 /* FeedLoader.swift in Sources */,
				BD76FC5325A4CF1400EA8578 /* HTTPClient.swift in Sources */,
				BD76FBEB25A4C2AF00EA8578 /* RemoteFeedItemsMapper.swift in Sources */,
				BD76FBE525A46D0000EA8578 /* RemoteFeedLoader.swift in Sources */,
				BD76FB9F25A4497E00EA8578 /* FeedItem.swift in Sources */,
				BD76FCB825A56BDB00EA8578 /* URLSessionHTTPClient.swift in Sources */,
			);
			runOnlyForDeploymentPostprocessing = 0;
		};
		BD76FB7E25A43F4900EA8578 /* Sources */ = {
			isa = PBXSourcesBuildPhase;
			buildActionMask = 2147483647;
			files = (
				BD76FBA725A44BE900EA8578 /* RemoteFeedLoaderTests.swift in Sources */,
			);
			runOnlyForDeploymentPostprocessing = 0;
		};
		BD76FBEF25A4C55E00EA8578 /* Sources */ = {
			isa = PBXSourcesBuildPhase;
			buildActionMask = 2147483647;
			files = (
				BD76FC6225A55ECA00EA8578 /* FeedImageDataLoader.swift in Sources */,
				BD76FC6725A5613600EA8578 /* FeedUIComposer.swift in Sources */,
				BD76FC5D25A5509E00EA8578 /* FeedUserCell.swift in Sources */,
				BD76FC5825A54CA800EA8578 /* FeedViewController.swift in Sources */,
			);
			runOnlyForDeploymentPostprocessing = 0;
		};
		BD76FBF725A4C55F00EA8578 /* Sources */ = {
			isa = PBXSourcesBuildPhase;
			buildActionMask = 2147483647;
			files = (
				BD76FC1325A4C5DC00EA8578 /* FeedViewControllerTests.swift in Sources */,
			);
			runOnlyForDeploymentPostprocessing = 0;
		};
		BD76FC8425A56A6D00EA8578 /* Sources */ = {
			isa = PBXSourcesBuildPhase;
			buildActionMask = 2147483647;
			files = (
				BD76FC8B25A56A6D00EA8578 /* AppDelegate.swift in Sources */,
				BD76FC8D25A56A6D00EA8578 /* SceneDelegate.swift in Sources */,
			);
			runOnlyForDeploymentPostprocessing = 0;
		};
/* End PBXSourcesBuildPhase section */

/* Begin PBXTargetDependency section */
		BD76010E25A6B1BF00EA8578 /* PBXTargetDependency */ = {
			isa = PBXTargetDependency;
			target = BD76010225A6B1BF00EA8578 /* MVC */;
			targetProxy = BD76010D25A6B1BF00EA8578 /* PBXContainerItemProxy */;
		};
		BD76011025A6B1BF00EA8578 /* PBXTargetDependency */ = {
			isa = PBXTargetDependency;
			target = BD76FC8725A56A6D00EA8578 /* EssentialiOSApp */;
			targetProxy = BD76010F25A6B1BF00EA8578 /* PBXContainerItemProxy */;
		};
		BD76011725A6B1BF00EA8578 /* PBXTargetDependency */ = {
			isa = PBXTargetDependency;
			target = BD76010225A6B1BF00EA8578 /* MVC */;
			targetProxy = BD76011625A6B1BF00EA8578 /* PBXContainerItemProxy */;
		};
		BD76FB8525A43F4900EA8578 /* PBXTargetDependency */ = {
			isa = PBXTargetDependency;
			target = BD76FB7825A43F4900EA8578 /* EssentialFeature */;
			targetProxy = BD76FB8425A43F4900EA8578 /* PBXContainerItemProxy */;
		};
		BD76FBFE25A4C55F00EA8578 /* PBXTargetDependency */ = {
			isa = PBXTargetDependency;
			target = BD76FBF225A4C55E00EA8578 /* EssentialGuidelineiOS */;
			targetProxy = BD76FBFD25A4C55F00EA8578 /* PBXContainerItemProxy */;
		};
		BD76FC4D25A4CCD500EA8578 /* PBXTargetDependency */ = {
			isa = PBXTargetDependency;
			target = BD76FB7825A43F4900EA8578 /* EssentialFeature */;
			targetProxy = BD76FC4C25A4CCD500EA8578 /* PBXContainerItemProxy */;
		};
		BD76FCAB25A56AFB00EA8578 /* PBXTargetDependency */ = {
			isa = PBXTargetDependency;
			target = BD76FB7825A43F4900EA8578 /* EssentialFeature */;
			targetProxy = BD76FCAA25A56AFB00EA8578 /* PBXContainerItemProxy */;
		};
		BD76FCB025A56AFD00EA8578 /* PBXTargetDependency */ = {
			isa = PBXTargetDependency;
			target = BD76FBF225A4C55E00EA8578 /* EssentialGuidelineiOS */;
			targetProxy = BD76FCAF25A56AFD00EA8578 /* PBXContainerItemProxy */;
		};
/* End PBXTargetDependency section */

/* Begin PBXVariantGroup section */
		BD76FC9525A56A6E00EA8578 /* LaunchScreen.storyboard */ = {
			isa = PBXVariantGroup;
			children = (
				BD76FC9625A56A6E00EA8578 /* Base */,
			);
			name = LaunchScreen.storyboard;
			sourceTree = "<group>";
		};
/* End PBXVariantGroup section */

/* Begin XCBuildConfiguration section */
		BD76011A25A6B1BF00EA8578 /* Debug */ = {
			isa = XCBuildConfiguration;
			buildSettings = {
				ALWAYS_SEARCH_USER_PATHS = NO;
				CLANG_ANALYZER_NONNULL = YES;
				CLANG_ANALYZER_NUMBER_OBJECT_CONVERSION = YES_AGGRESSIVE;
				CLANG_CXX_LANGUAGE_STANDARD = "gnu++14";
				CLANG_CXX_LIBRARY = "libc++";
				CLANG_ENABLE_MODULES = YES;
				CLANG_ENABLE_OBJC_ARC = YES;
				CLANG_ENABLE_OBJC_WEAK = YES;
				CLANG_WARN_BLOCK_CAPTURE_AUTORELEASING = YES;
				CLANG_WARN_BOOL_CONVERSION = YES;
				CLANG_WARN_COMMA = YES;
				CLANG_WARN_CONSTANT_CONVERSION = YES;
				CLANG_WARN_DEPRECATED_OBJC_IMPLEMENTATIONS = YES;
				CLANG_WARN_DIRECT_OBJC_ISA_USAGE = YES_ERROR;
				CLANG_WARN_DOCUMENTATION_COMMENTS = YES;
				CLANG_WARN_EMPTY_BODY = YES;
				CLANG_WARN_ENUM_CONVERSION = YES;
				CLANG_WARN_INFINITE_RECURSION = YES;
				CLANG_WARN_INT_CONVERSION = YES;
				CLANG_WARN_NON_LITERAL_NULL_CONVERSION = YES;
				CLANG_WARN_OBJC_IMPLICIT_RETAIN_SELF = YES;
				CLANG_WARN_OBJC_LITERAL_CONVERSION = YES;
				CLANG_WARN_OBJC_ROOT_CLASS = YES_ERROR;
				CLANG_WARN_QUOTED_INCLUDE_IN_FRAMEWORK_HEADER = YES;
				CLANG_WARN_RANGE_LOOP_ANALYSIS = YES;
				CLANG_WARN_STRICT_PROTOTYPES = YES;
				CLANG_WARN_SUSPICIOUS_MOVE = YES;
				CLANG_WARN_UNGUARDED_AVAILABILITY = YES_AGGRESSIVE;
				CLANG_WARN_UNREACHABLE_CODE = YES;
				CLANG_WARN__DUPLICATE_METHOD_MATCH = YES;
				CODE_SIGN_STYLE = Automatic;
				COPY_PHASE_STRIP = NO;
				CURRENT_PROJECT_VERSION = 1;
				DEBUG_INFORMATION_FORMAT = dwarf;
				DEFINES_MODULE = YES;
				DYLIB_COMPATIBILITY_VERSION = 1;
				DYLIB_CURRENT_VERSION = 1;
				DYLIB_INSTALL_NAME_BASE = "@rpath";
				ENABLE_STRICT_OBJC_MSGSEND = YES;
				ENABLE_TESTABILITY = YES;
				GCC_C_LANGUAGE_STANDARD = gnu11;
				GCC_DYNAMIC_NO_PIC = NO;
				GCC_NO_COMMON_BLOCKS = YES;
				GCC_OPTIMIZATION_LEVEL = 0;
				GCC_PREPROCESSOR_DEFINITIONS = (
					"DEBUG=1",
					"$(inherited)",
				);
				GCC_WARN_64_TO_32_BIT_CONVERSION = YES;
				GCC_WARN_ABOUT_RETURN_TYPE = YES_ERROR;
				GCC_WARN_UNDECLARED_SELECTOR = YES;
				GCC_WARN_UNINITIALIZED_AUTOS = YES_AGGRESSIVE;
				GCC_WARN_UNUSED_FUNCTION = YES;
				GCC_WARN_UNUSED_VARIABLE = YES;
				INFOPLIST_FILE = MVC/Info.plist;
				INSTALL_PATH = "$(LOCAL_LIBRARY_DIR)/Frameworks";
				IPHONEOS_DEPLOYMENT_TARGET = 14.2;
				LD_RUNPATH_SEARCH_PATHS = (
					"$(inherited)",
					"@executable_path/Frameworks",
					"@loader_path/Frameworks",
				);
				MTL_ENABLE_DEBUG_INFO = INCLUDE_SOURCE;
				MTL_FAST_MATH = YES;
				ONLY_ACTIVE_ARCH = YES;
				PRODUCT_BUNDLE_IDENTIFIER = vn.miichisoft.MVC;
				PRODUCT_NAME = "$(TARGET_NAME:c99extidentifier)";
				SDKROOT = iphoneos;
				SKIP_INSTALL = YES;
				SWIFT_ACTIVE_COMPILATION_CONDITIONS = DEBUG;
				SWIFT_OPTIMIZATION_LEVEL = "-Onone";
				SWIFT_VERSION = 5.0;
				TARGETED_DEVICE_FAMILY = "1,2";
				VERSIONING_SYSTEM = "apple-generic";
				VERSION_INFO_PREFIX = "";
			};
			name = Debug;
		};
		BD76011B25A6B1BF00EA8578 /* Release */ = {
			isa = XCBuildConfiguration;
			buildSettings = {
				ALWAYS_SEARCH_USER_PATHS = NO;
				CLANG_ANALYZER_NONNULL = YES;
				CLANG_ANALYZER_NUMBER_OBJECT_CONVERSION = YES_AGGRESSIVE;
				CLANG_CXX_LANGUAGE_STANDARD = "gnu++14";
				CLANG_CXX_LIBRARY = "libc++";
				CLANG_ENABLE_MODULES = YES;
				CLANG_ENABLE_OBJC_ARC = YES;
				CLANG_ENABLE_OBJC_WEAK = YES;
				CLANG_WARN_BLOCK_CAPTURE_AUTORELEASING = YES;
				CLANG_WARN_BOOL_CONVERSION = YES;
				CLANG_WARN_COMMA = YES;
				CLANG_WARN_CONSTANT_CONVERSION = YES;
				CLANG_WARN_DEPRECATED_OBJC_IMPLEMENTATIONS = YES;
				CLANG_WARN_DIRECT_OBJC_ISA_USAGE = YES_ERROR;
				CLANG_WARN_DOCUMENTATION_COMMENTS = YES;
				CLANG_WARN_EMPTY_BODY = YES;
				CLANG_WARN_ENUM_CONVERSION = YES;
				CLANG_WARN_INFINITE_RECURSION = YES;
				CLANG_WARN_INT_CONVERSION = YES;
				CLANG_WARN_NON_LITERAL_NULL_CONVERSION = YES;
				CLANG_WARN_OBJC_IMPLICIT_RETAIN_SELF = YES;
				CLANG_WARN_OBJC_LITERAL_CONVERSION = YES;
				CLANG_WARN_OBJC_ROOT_CLASS = YES_ERROR;
				CLANG_WARN_QUOTED_INCLUDE_IN_FRAMEWORK_HEADER = YES;
				CLANG_WARN_RANGE_LOOP_ANALYSIS = YES;
				CLANG_WARN_STRICT_PROTOTYPES = YES;
				CLANG_WARN_SUSPICIOUS_MOVE = YES;
				CLANG_WARN_UNGUARDED_AVAILABILITY = YES_AGGRESSIVE;
				CLANG_WARN_UNREACHABLE_CODE = YES;
				CLANG_WARN__DUPLICATE_METHOD_MATCH = YES;
				CODE_SIGN_STYLE = Automatic;
				COPY_PHASE_STRIP = NO;
				CURRENT_PROJECT_VERSION = 1;
				DEBUG_INFORMATION_FORMAT = "dwarf-with-dsym";
				DEFINES_MODULE = YES;
				DYLIB_COMPATIBILITY_VERSION = 1;
				DYLIB_CURRENT_VERSION = 1;
				DYLIB_INSTALL_NAME_BASE = "@rpath";
				ENABLE_NS_ASSERTIONS = NO;
				ENABLE_STRICT_OBJC_MSGSEND = YES;
				GCC_C_LANGUAGE_STANDARD = gnu11;
				GCC_NO_COMMON_BLOCKS = YES;
				GCC_WARN_64_TO_32_BIT_CONVERSION = YES;
				GCC_WARN_ABOUT_RETURN_TYPE = YES_ERROR;
				GCC_WARN_UNDECLARED_SELECTOR = YES;
				GCC_WARN_UNINITIALIZED_AUTOS = YES_AGGRESSIVE;
				GCC_WARN_UNUSED_FUNCTION = YES;
				GCC_WARN_UNUSED_VARIABLE = YES;
				INFOPLIST_FILE = MVC/Info.plist;
				INSTALL_PATH = "$(LOCAL_LIBRARY_DIR)/Frameworks";
				IPHONEOS_DEPLOYMENT_TARGET = 14.2;
				LD_RUNPATH_SEARCH_PATHS = (
					"$(inherited)",
					"@executable_path/Frameworks",
					"@loader_path/Frameworks",
				);
				MTL_ENABLE_DEBUG_INFO = NO;
				MTL_FAST_MATH = YES;
				PRODUCT_BUNDLE_IDENTIFIER = vn.miichisoft.MVC;
				PRODUCT_NAME = "$(TARGET_NAME:c99extidentifier)";
				SDKROOT = iphoneos;
				SKIP_INSTALL = YES;
				SWIFT_COMPILATION_MODE = wholemodule;
				SWIFT_OPTIMIZATION_LEVEL = "-O";
				SWIFT_VERSION = 5.0;
				TARGETED_DEVICE_FAMILY = "1,2";
				VALIDATE_PRODUCT = YES;
				VERSIONING_SYSTEM = "apple-generic";
				VERSION_INFO_PREFIX = "";
			};
			name = Release;
		};
		BD76011C25A6B1BF00EA8578 /* Debug */ = {
			isa = XCBuildConfiguration;
			buildSettings = {
				ALWAYS_EMBED_SWIFT_STANDARD_LIBRARIES = YES;
				ALWAYS_SEARCH_USER_PATHS = NO;
				CLANG_ANALYZER_NONNULL = YES;
				CLANG_ANALYZER_NUMBER_OBJECT_CONVERSION = YES_AGGRESSIVE;
				CLANG_CXX_LANGUAGE_STANDARD = "gnu++14";
				CLANG_CXX_LIBRARY = "libc++";
				CLANG_ENABLE_MODULES = YES;
				CLANG_ENABLE_OBJC_ARC = YES;
				CLANG_ENABLE_OBJC_WEAK = YES;
				CLANG_WARN_BLOCK_CAPTURE_AUTORELEASING = YES;
				CLANG_WARN_BOOL_CONVERSION = YES;
				CLANG_WARN_COMMA = YES;
				CLANG_WARN_CONSTANT_CONVERSION = YES;
				CLANG_WARN_DEPRECATED_OBJC_IMPLEMENTATIONS = YES;
				CLANG_WARN_DIRECT_OBJC_ISA_USAGE = YES_ERROR;
				CLANG_WARN_DOCUMENTATION_COMMENTS = YES;
				CLANG_WARN_EMPTY_BODY = YES;
				CLANG_WARN_ENUM_CONVERSION = YES;
				CLANG_WARN_INFINITE_RECURSION = YES;
				CLANG_WARN_INT_CONVERSION = YES;
				CLANG_WARN_NON_LITERAL_NULL_CONVERSION = YES;
				CLANG_WARN_OBJC_IMPLICIT_RETAIN_SELF = YES;
				CLANG_WARN_OBJC_LITERAL_CONVERSION = YES;
				CLANG_WARN_OBJC_ROOT_CLASS = YES_ERROR;
				CLANG_WARN_QUOTED_INCLUDE_IN_FRAMEWORK_HEADER = YES;
				CLANG_WARN_RANGE_LOOP_ANALYSIS = YES;
				CLANG_WARN_STRICT_PROTOTYPES = YES;
				CLANG_WARN_SUSPICIOUS_MOVE = YES;
				CLANG_WARN_UNGUARDED_AVAILABILITY = YES_AGGRESSIVE;
				CLANG_WARN_UNREACHABLE_CODE = YES;
				CLANG_WARN__DUPLICATE_METHOD_MATCH = YES;
				CODE_SIGN_STYLE = Automatic;
				COPY_PHASE_STRIP = NO;
				DEBUG_INFORMATION_FORMAT = dwarf;
				ENABLE_STRICT_OBJC_MSGSEND = YES;
				ENABLE_TESTABILITY = YES;
				GCC_C_LANGUAGE_STANDARD = gnu11;
				GCC_DYNAMIC_NO_PIC = NO;
				GCC_NO_COMMON_BLOCKS = YES;
				GCC_OPTIMIZATION_LEVEL = 0;
				GCC_PREPROCESSOR_DEFINITIONS = (
					"DEBUG=1",
					"$(inherited)",
				);
				GCC_WARN_64_TO_32_BIT_CONVERSION = YES;
				GCC_WARN_ABOUT_RETURN_TYPE = YES_ERROR;
				GCC_WARN_UNDECLARED_SELECTOR = YES;
				GCC_WARN_UNINITIALIZED_AUTOS = YES_AGGRESSIVE;
				GCC_WARN_UNUSED_FUNCTION = YES;
				GCC_WARN_UNUSED_VARIABLE = YES;
				INFOPLIST_FILE = MVCTests/Info.plist;
				IPHONEOS_DEPLOYMENT_TARGET = 14.2;
				LD_RUNPATH_SEARCH_PATHS = (
					"$(inherited)",
					"@executable_path/Frameworks",
					"@loader_path/Frameworks",
				);
				MTL_ENABLE_DEBUG_INFO = INCLUDE_SOURCE;
				MTL_FAST_MATH = YES;
				ONLY_ACTIVE_ARCH = YES;
				PRODUCT_BUNDLE_IDENTIFIER = vn.miichisoft.MVCTests;
				PRODUCT_NAME = "$(TARGET_NAME)";
				SDKROOT = iphoneos;
				SWIFT_ACTIVE_COMPILATION_CONDITIONS = DEBUG;
				SWIFT_OPTIMIZATION_LEVEL = "-Onone";
				SWIFT_VERSION = 5.0;
				TARGETED_DEVICE_FAMILY = "1,2";
				TEST_HOST = "$(BUILT_PRODUCTS_DIR)/EssentialiOSApp.app/EssentialiOSApp";
			};
			name = Debug;
		};
		BD76011D25A6B1BF00EA8578 /* Release */ = {
			isa = XCBuildConfiguration;
			buildSettings = {
				ALWAYS_EMBED_SWIFT_STANDARD_LIBRARIES = YES;
				ALWAYS_SEARCH_USER_PATHS = NO;
				CLANG_ANALYZER_NONNULL = YES;
				CLANG_ANALYZER_NUMBER_OBJECT_CONVERSION = YES_AGGRESSIVE;
				CLANG_CXX_LANGUAGE_STANDARD = "gnu++14";
				CLANG_CXX_LIBRARY = "libc++";
				CLANG_ENABLE_MODULES = YES;
				CLANG_ENABLE_OBJC_ARC = YES;
				CLANG_ENABLE_OBJC_WEAK = YES;
				CLANG_WARN_BLOCK_CAPTURE_AUTORELEASING = YES;
				CLANG_WARN_BOOL_CONVERSION = YES;
				CLANG_WARN_COMMA = YES;
				CLANG_WARN_CONSTANT_CONVERSION = YES;
				CLANG_WARN_DEPRECATED_OBJC_IMPLEMENTATIONS = YES;
				CLANG_WARN_DIRECT_OBJC_ISA_USAGE = YES_ERROR;
				CLANG_WARN_DOCUMENTATION_COMMENTS = YES;
				CLANG_WARN_EMPTY_BODY = YES;
				CLANG_WARN_ENUM_CONVERSION = YES;
				CLANG_WARN_INFINITE_RECURSION = YES;
				CLANG_WARN_INT_CONVERSION = YES;
				CLANG_WARN_NON_LITERAL_NULL_CONVERSION = YES;
				CLANG_WARN_OBJC_IMPLICIT_RETAIN_SELF = YES;
				CLANG_WARN_OBJC_LITERAL_CONVERSION = YES;
				CLANG_WARN_OBJC_ROOT_CLASS = YES_ERROR;
				CLANG_WARN_QUOTED_INCLUDE_IN_FRAMEWORK_HEADER = YES;
				CLANG_WARN_RANGE_LOOP_ANALYSIS = YES;
				CLANG_WARN_STRICT_PROTOTYPES = YES;
				CLANG_WARN_SUSPICIOUS_MOVE = YES;
				CLANG_WARN_UNGUARDED_AVAILABILITY = YES_AGGRESSIVE;
				CLANG_WARN_UNREACHABLE_CODE = YES;
				CLANG_WARN__DUPLICATE_METHOD_MATCH = YES;
				CODE_SIGN_STYLE = Automatic;
				COPY_PHASE_STRIP = NO;
				DEBUG_INFORMATION_FORMAT = "dwarf-with-dsym";
				ENABLE_NS_ASSERTIONS = NO;
				ENABLE_STRICT_OBJC_MSGSEND = YES;
				GCC_C_LANGUAGE_STANDARD = gnu11;
				GCC_NO_COMMON_BLOCKS = YES;
				GCC_WARN_64_TO_32_BIT_CONVERSION = YES;
				GCC_WARN_ABOUT_RETURN_TYPE = YES_ERROR;
				GCC_WARN_UNDECLARED_SELECTOR = YES;
				GCC_WARN_UNINITIALIZED_AUTOS = YES_AGGRESSIVE;
				GCC_WARN_UNUSED_FUNCTION = YES;
				GCC_WARN_UNUSED_VARIABLE = YES;
				INFOPLIST_FILE = MVCTests/Info.plist;
				IPHONEOS_DEPLOYMENT_TARGET = 14.2;
				LD_RUNPATH_SEARCH_PATHS = (
					"$(inherited)",
					"@executable_path/Frameworks",
					"@loader_path/Frameworks",
				);
				MTL_ENABLE_DEBUG_INFO = NO;
				MTL_FAST_MATH = YES;
				PRODUCT_BUNDLE_IDENTIFIER = vn.miichisoft.MVCTests;
				PRODUCT_NAME = "$(TARGET_NAME)";
				SDKROOT = iphoneos;
				SWIFT_COMPILATION_MODE = wholemodule;
				SWIFT_OPTIMIZATION_LEVEL = "-O";
				SWIFT_VERSION = 5.0;
				TARGETED_DEVICE_FAMILY = "1,2";
				TEST_HOST = "$(BUILT_PRODUCTS_DIR)/EssentialiOSApp.app/EssentialiOSApp";
				VALIDATE_PRODUCT = YES;
			};
			name = Release;
		};
		BD76FB7225A43F2C00EA8578 /* Debug */ = {
			isa = XCBuildConfiguration;
			buildSettings = {
				SUPPORTED_PLATFORMS = "macosx iphonesimulator iphoneos";
			};
			name = Debug;
		};
		BD76FB7325A43F2C00EA8578 /* Release */ = {
			isa = XCBuildConfiguration;
			buildSettings = {
				SUPPORTED_PLATFORMS = "macosx iphonesimulator iphoneos";
			};
			name = Release;
		};
		BD76FB8C25A43F4900EA8578 /* Debug */ = {
			isa = XCBuildConfiguration;
			buildSettings = {
				ALWAYS_SEARCH_USER_PATHS = NO;
				CLANG_ANALYZER_NONNULL = YES;
				CLANG_ANALYZER_NUMBER_OBJECT_CONVERSION = YES_AGGRESSIVE;
				CLANG_CXX_LANGUAGE_STANDARD = "gnu++14";
				CLANG_CXX_LIBRARY = "libc++";
				CLANG_ENABLE_MODULES = YES;
				CLANG_ENABLE_OBJC_ARC = YES;
				CLANG_ENABLE_OBJC_WEAK = YES;
				CLANG_WARN_BLOCK_CAPTURE_AUTORELEASING = YES;
				CLANG_WARN_BOOL_CONVERSION = YES;
				CLANG_WARN_COMMA = YES;
				CLANG_WARN_CONSTANT_CONVERSION = YES;
				CLANG_WARN_DEPRECATED_OBJC_IMPLEMENTATIONS = YES;
				CLANG_WARN_DIRECT_OBJC_ISA_USAGE = YES_ERROR;
				CLANG_WARN_DOCUMENTATION_COMMENTS = YES;
				CLANG_WARN_EMPTY_BODY = YES;
				CLANG_WARN_ENUM_CONVERSION = YES;
				CLANG_WARN_INFINITE_RECURSION = YES;
				CLANG_WARN_INT_CONVERSION = YES;
				CLANG_WARN_NON_LITERAL_NULL_CONVERSION = YES;
				CLANG_WARN_OBJC_IMPLICIT_RETAIN_SELF = YES;
				CLANG_WARN_OBJC_LITERAL_CONVERSION = YES;
				CLANG_WARN_OBJC_ROOT_CLASS = YES_ERROR;
				CLANG_WARN_QUOTED_INCLUDE_IN_FRAMEWORK_HEADER = YES;
				CLANG_WARN_RANGE_LOOP_ANALYSIS = YES;
				CLANG_WARN_STRICT_PROTOTYPES = YES;
				CLANG_WARN_SUSPICIOUS_MOVE = YES;
				CLANG_WARN_UNGUARDED_AVAILABILITY = YES_AGGRESSIVE;
				CLANG_WARN_UNREACHABLE_CODE = YES;
				CLANG_WARN__DUPLICATE_METHOD_MATCH = YES;
				CODE_SIGN_STYLE = Automatic;
				COMBINE_HIDPI_IMAGES = YES;
				COPY_PHASE_STRIP = NO;
				CURRENT_PROJECT_VERSION = 1;
				DEBUG_INFORMATION_FORMAT = dwarf;
				DEFINES_MODULE = YES;
				DYLIB_COMPATIBILITY_VERSION = 1;
				DYLIB_CURRENT_VERSION = 1;
				DYLIB_INSTALL_NAME_BASE = "@rpath";
				ENABLE_STRICT_OBJC_MSGSEND = YES;
				ENABLE_TESTABILITY = YES;
				GCC_C_LANGUAGE_STANDARD = gnu11;
				GCC_DYNAMIC_NO_PIC = NO;
				GCC_NO_COMMON_BLOCKS = YES;
				GCC_OPTIMIZATION_LEVEL = 0;
				GCC_PREPROCESSOR_DEFINITIONS = (
					"DEBUG=1",
					"$(inherited)",
				);
				GCC_WARN_64_TO_32_BIT_CONVERSION = YES;
				GCC_WARN_ABOUT_RETURN_TYPE = YES_ERROR;
				GCC_WARN_UNDECLARED_SELECTOR = YES;
				GCC_WARN_UNINITIALIZED_AUTOS = YES_AGGRESSIVE;
				GCC_WARN_UNUSED_FUNCTION = YES;
				GCC_WARN_UNUSED_VARIABLE = YES;
				INFOPLIST_FILE = EssentialFeature/Info.plist;
				INSTALL_PATH = "$(LOCAL_LIBRARY_DIR)/Frameworks";
				LD_RUNPATH_SEARCH_PATHS = (
					"$(inherited)",
					"@executable_path/../Frameworks",
					"@loader_path/Frameworks",
				);
				MACOSX_DEPLOYMENT_TARGET = 11.0;
				MTL_ENABLE_DEBUG_INFO = INCLUDE_SOURCE;
				MTL_FAST_MATH = YES;
				ONLY_ACTIVE_ARCH = YES;
				PRODUCT_BUNDLE_IDENTIFIER = tung.vd.EssentialFeature;
				PRODUCT_NAME = "$(TARGET_NAME:c99extidentifier)";
				SDKROOT = macosx;
				SKIP_INSTALL = YES;
				SUPPORTED_PLATFORMS = "macosx iphoneos iphonesimulator";
				SWIFT_ACTIVE_COMPILATION_CONDITIONS = DEBUG;
				SWIFT_OPTIMIZATION_LEVEL = "-Onone";
				SWIFT_VERSION = 5.0;
				VERSIONING_SYSTEM = "apple-generic";
				VERSION_INFO_PREFIX = "";
			};
			name = Debug;
		};
		BD76FB8D25A43F4900EA8578 /* Release */ = {
			isa = XCBuildConfiguration;
			buildSettings = {
				ALWAYS_SEARCH_USER_PATHS = NO;
				CLANG_ANALYZER_NONNULL = YES;
				CLANG_ANALYZER_NUMBER_OBJECT_CONVERSION = YES_AGGRESSIVE;
				CLANG_CXX_LANGUAGE_STANDARD = "gnu++14";
				CLANG_CXX_LIBRARY = "libc++";
				CLANG_ENABLE_MODULES = YES;
				CLANG_ENABLE_OBJC_ARC = YES;
				CLANG_ENABLE_OBJC_WEAK = YES;
				CLANG_WARN_BLOCK_CAPTURE_AUTORELEASING = YES;
				CLANG_WARN_BOOL_CONVERSION = YES;
				CLANG_WARN_COMMA = YES;
				CLANG_WARN_CONSTANT_CONVERSION = YES;
				CLANG_WARN_DEPRECATED_OBJC_IMPLEMENTATIONS = YES;
				CLANG_WARN_DIRECT_OBJC_ISA_USAGE = YES_ERROR;
				CLANG_WARN_DOCUMENTATION_COMMENTS = YES;
				CLANG_WARN_EMPTY_BODY = YES;
				CLANG_WARN_ENUM_CONVERSION = YES;
				CLANG_WARN_INFINITE_RECURSION = YES;
				CLANG_WARN_INT_CONVERSION = YES;
				CLANG_WARN_NON_LITERAL_NULL_CONVERSION = YES;
				CLANG_WARN_OBJC_IMPLICIT_RETAIN_SELF = YES;
				CLANG_WARN_OBJC_LITERAL_CONVERSION = YES;
				CLANG_WARN_OBJC_ROOT_CLASS = YES_ERROR;
				CLANG_WARN_QUOTED_INCLUDE_IN_FRAMEWORK_HEADER = YES;
				CLANG_WARN_RANGE_LOOP_ANALYSIS = YES;
				CLANG_WARN_STRICT_PROTOTYPES = YES;
				CLANG_WARN_SUSPICIOUS_MOVE = YES;
				CLANG_WARN_UNGUARDED_AVAILABILITY = YES_AGGRESSIVE;
				CLANG_WARN_UNREACHABLE_CODE = YES;
				CLANG_WARN__DUPLICATE_METHOD_MATCH = YES;
				CODE_SIGN_STYLE = Automatic;
				COMBINE_HIDPI_IMAGES = YES;
				COPY_PHASE_STRIP = NO;
				CURRENT_PROJECT_VERSION = 1;
				DEBUG_INFORMATION_FORMAT = "dwarf-with-dsym";
				DEFINES_MODULE = YES;
				DYLIB_COMPATIBILITY_VERSION = 1;
				DYLIB_CURRENT_VERSION = 1;
				DYLIB_INSTALL_NAME_BASE = "@rpath";
				ENABLE_NS_ASSERTIONS = NO;
				ENABLE_STRICT_OBJC_MSGSEND = YES;
				GCC_C_LANGUAGE_STANDARD = gnu11;
				GCC_NO_COMMON_BLOCKS = YES;
				GCC_WARN_64_TO_32_BIT_CONVERSION = YES;
				GCC_WARN_ABOUT_RETURN_TYPE = YES_ERROR;
				GCC_WARN_UNDECLARED_SELECTOR = YES;
				GCC_WARN_UNINITIALIZED_AUTOS = YES_AGGRESSIVE;
				GCC_WARN_UNUSED_FUNCTION = YES;
				GCC_WARN_UNUSED_VARIABLE = YES;
				INFOPLIST_FILE = EssentialFeature/Info.plist;
				INSTALL_PATH = "$(LOCAL_LIBRARY_DIR)/Frameworks";
				LD_RUNPATH_SEARCH_PATHS = (
					"$(inherited)",
					"@executable_path/../Frameworks",
					"@loader_path/Frameworks",
				);
				MACOSX_DEPLOYMENT_TARGET = 11.0;
				MTL_ENABLE_DEBUG_INFO = NO;
				MTL_FAST_MATH = YES;
				PRODUCT_BUNDLE_IDENTIFIER = tung.vd.EssentialFeature;
				PRODUCT_NAME = "$(TARGET_NAME:c99extidentifier)";
				SDKROOT = macosx;
				SKIP_INSTALL = YES;
				SUPPORTED_PLATFORMS = "macosx iphoneos iphonesimulator";
				SWIFT_COMPILATION_MODE = wholemodule;
				SWIFT_OPTIMIZATION_LEVEL = "-O";
				SWIFT_VERSION = 5.0;
				VERSIONING_SYSTEM = "apple-generic";
				VERSION_INFO_PREFIX = "";
			};
			name = Release;
		};
		BD76FB8F25A43F4900EA8578 /* Debug */ = {
			isa = XCBuildConfiguration;
			buildSettings = {
				ALWAYS_EMBED_SWIFT_STANDARD_LIBRARIES = YES;
				ALWAYS_SEARCH_USER_PATHS = NO;
				CLANG_ANALYZER_NONNULL = YES;
				CLANG_ANALYZER_NUMBER_OBJECT_CONVERSION = YES_AGGRESSIVE;
				CLANG_CXX_LANGUAGE_STANDARD = "gnu++14";
				CLANG_CXX_LIBRARY = "libc++";
				CLANG_ENABLE_MODULES = YES;
				CLANG_ENABLE_OBJC_ARC = YES;
				CLANG_ENABLE_OBJC_WEAK = YES;
				CLANG_WARN_BLOCK_CAPTURE_AUTORELEASING = YES;
				CLANG_WARN_BOOL_CONVERSION = YES;
				CLANG_WARN_COMMA = YES;
				CLANG_WARN_CONSTANT_CONVERSION = YES;
				CLANG_WARN_DEPRECATED_OBJC_IMPLEMENTATIONS = YES;
				CLANG_WARN_DIRECT_OBJC_ISA_USAGE = YES_ERROR;
				CLANG_WARN_DOCUMENTATION_COMMENTS = YES;
				CLANG_WARN_EMPTY_BODY = YES;
				CLANG_WARN_ENUM_CONVERSION = YES;
				CLANG_WARN_INFINITE_RECURSION = YES;
				CLANG_WARN_INT_CONVERSION = YES;
				CLANG_WARN_NON_LITERAL_NULL_CONVERSION = YES;
				CLANG_WARN_OBJC_IMPLICIT_RETAIN_SELF = YES;
				CLANG_WARN_OBJC_LITERAL_CONVERSION = YES;
				CLANG_WARN_OBJC_ROOT_CLASS = YES_ERROR;
				CLANG_WARN_QUOTED_INCLUDE_IN_FRAMEWORK_HEADER = YES;
				CLANG_WARN_RANGE_LOOP_ANALYSIS = YES;
				CLANG_WARN_STRICT_PROTOTYPES = YES;
				CLANG_WARN_SUSPICIOUS_MOVE = YES;
				CLANG_WARN_UNGUARDED_AVAILABILITY = YES_AGGRESSIVE;
				CLANG_WARN_UNREACHABLE_CODE = YES;
				CLANG_WARN__DUPLICATE_METHOD_MATCH = YES;
				CODE_SIGN_STYLE = Automatic;
				COMBINE_HIDPI_IMAGES = YES;
				COPY_PHASE_STRIP = NO;
				DEBUG_INFORMATION_FORMAT = dwarf;
				ENABLE_STRICT_OBJC_MSGSEND = YES;
				ENABLE_TESTABILITY = YES;
				GCC_C_LANGUAGE_STANDARD = gnu11;
				GCC_DYNAMIC_NO_PIC = NO;
				GCC_NO_COMMON_BLOCKS = YES;
				GCC_OPTIMIZATION_LEVEL = 0;
				GCC_PREPROCESSOR_DEFINITIONS = (
					"DEBUG=1",
					"$(inherited)",
				);
				GCC_WARN_64_TO_32_BIT_CONVERSION = YES;
				GCC_WARN_ABOUT_RETURN_TYPE = YES_ERROR;
				GCC_WARN_UNDECLARED_SELECTOR = YES;
				GCC_WARN_UNINITIALIZED_AUTOS = YES_AGGRESSIVE;
				GCC_WARN_UNUSED_FUNCTION = YES;
				GCC_WARN_UNUSED_VARIABLE = YES;
				INFOPLIST_FILE = EssentialFeatureTests/Info.plist;
				LD_RUNPATH_SEARCH_PATHS = (
					"$(inherited)",
					"@executable_path/../Frameworks",
					"@loader_path/../Frameworks",
				);
				MACOSX_DEPLOYMENT_TARGET = 11.0;
				MTL_ENABLE_DEBUG_INFO = INCLUDE_SOURCE;
				MTL_FAST_MATH = YES;
				ONLY_ACTIVE_ARCH = YES;
				PRODUCT_BUNDLE_IDENTIFIER = tung.vd.EssentialFeatureTests;
				PRODUCT_NAME = "$(TARGET_NAME)";
				SDKROOT = macosx;
				SUPPORTED_PLATFORMS = "macosx iphonesimulator iphoneos";
				SWIFT_ACTIVE_COMPILATION_CONDITIONS = DEBUG;
				SWIFT_OPTIMIZATION_LEVEL = "-Onone";
				SWIFT_VERSION = 5.0;
			};
			name = Debug;
		};
		BD76FB9025A43F4900EA8578 /* Release */ = {
			isa = XCBuildConfiguration;
			buildSettings = {
				ALWAYS_EMBED_SWIFT_STANDARD_LIBRARIES = YES;
				ALWAYS_SEARCH_USER_PATHS = NO;
				CLANG_ANALYZER_NONNULL = YES;
				CLANG_ANALYZER_NUMBER_OBJECT_CONVERSION = YES_AGGRESSIVE;
				CLANG_CXX_LANGUAGE_STANDARD = "gnu++14";
				CLANG_CXX_LIBRARY = "libc++";
				CLANG_ENABLE_MODULES = YES;
				CLANG_ENABLE_OBJC_ARC = YES;
				CLANG_ENABLE_OBJC_WEAK = YES;
				CLANG_WARN_BLOCK_CAPTURE_AUTORELEASING = YES;
				CLANG_WARN_BOOL_CONVERSION = YES;
				CLANG_WARN_COMMA = YES;
				CLANG_WARN_CONSTANT_CONVERSION = YES;
				CLANG_WARN_DEPRECATED_OBJC_IMPLEMENTATIONS = YES;
				CLANG_WARN_DIRECT_OBJC_ISA_USAGE = YES_ERROR;
				CLANG_WARN_DOCUMENTATION_COMMENTS = YES;
				CLANG_WARN_EMPTY_BODY = YES;
				CLANG_WARN_ENUM_CONVERSION = YES;
				CLANG_WARN_INFINITE_RECURSION = YES;
				CLANG_WARN_INT_CONVERSION = YES;
				CLANG_WARN_NON_LITERAL_NULL_CONVERSION = YES;
				CLANG_WARN_OBJC_IMPLICIT_RETAIN_SELF = YES;
				CLANG_WARN_OBJC_LITERAL_CONVERSION = YES;
				CLANG_WARN_OBJC_ROOT_CLASS = YES_ERROR;
				CLANG_WARN_QUOTED_INCLUDE_IN_FRAMEWORK_HEADER = YES;
				CLANG_WARN_RANGE_LOOP_ANALYSIS = YES;
				CLANG_WARN_STRICT_PROTOTYPES = YES;
				CLANG_WARN_SUSPICIOUS_MOVE = YES;
				CLANG_WARN_UNGUARDED_AVAILABILITY = YES_AGGRESSIVE;
				CLANG_WARN_UNREACHABLE_CODE = YES;
				CLANG_WARN__DUPLICATE_METHOD_MATCH = YES;
				CODE_SIGN_STYLE = Automatic;
				COMBINE_HIDPI_IMAGES = YES;
				COPY_PHASE_STRIP = NO;
				DEBUG_INFORMATION_FORMAT = "dwarf-with-dsym";
				ENABLE_NS_ASSERTIONS = NO;
				ENABLE_STRICT_OBJC_MSGSEND = YES;
				GCC_C_LANGUAGE_STANDARD = gnu11;
				GCC_NO_COMMON_BLOCKS = YES;
				GCC_WARN_64_TO_32_BIT_CONVERSION = YES;
				GCC_WARN_ABOUT_RETURN_TYPE = YES_ERROR;
				GCC_WARN_UNDECLARED_SELECTOR = YES;
				GCC_WARN_UNINITIALIZED_AUTOS = YES_AGGRESSIVE;
				GCC_WARN_UNUSED_FUNCTION = YES;
				GCC_WARN_UNUSED_VARIABLE = YES;
				INFOPLIST_FILE = EssentialFeatureTests/Info.plist;
				LD_RUNPATH_SEARCH_PATHS = (
					"$(inherited)",
					"@executable_path/../Frameworks",
					"@loader_path/../Frameworks",
				);
				MACOSX_DEPLOYMENT_TARGET = 11.0;
				MTL_ENABLE_DEBUG_INFO = NO;
				MTL_FAST_MATH = YES;
				PRODUCT_BUNDLE_IDENTIFIER = tung.vd.EssentialFeatureTests;
				PRODUCT_NAME = "$(TARGET_NAME)";
				SDKROOT = macosx;
				SUPPORTED_PLATFORMS = "macosx iphonesimulator iphoneos";
				SWIFT_COMPILATION_MODE = wholemodule;
				SWIFT_OPTIMIZATION_LEVEL = "-O";
				SWIFT_VERSION = 5.0;
			};
			name = Release;
		};
		BD76FC0525A4C55F00EA8578 /* Debug */ = {
			isa = XCBuildConfiguration;
			baseConfigurationReference = 70D7BC05FCCE75A06449366E /* Pods-EssentialGuidelineiOS.debug.xcconfig */;
			buildSettings = {
				ALWAYS_SEARCH_USER_PATHS = NO;
				CLANG_ANALYZER_NONNULL = YES;
				CLANG_ANALYZER_NUMBER_OBJECT_CONVERSION = YES_AGGRESSIVE;
				CLANG_CXX_LANGUAGE_STANDARD = "gnu++14";
				CLANG_CXX_LIBRARY = "libc++";
				CLANG_ENABLE_MODULES = YES;
				CLANG_ENABLE_OBJC_ARC = YES;
				CLANG_ENABLE_OBJC_WEAK = YES;
				CLANG_WARN_BLOCK_CAPTURE_AUTORELEASING = YES;
				CLANG_WARN_BOOL_CONVERSION = YES;
				CLANG_WARN_COMMA = YES;
				CLANG_WARN_CONSTANT_CONVERSION = YES;
				CLANG_WARN_DEPRECATED_OBJC_IMPLEMENTATIONS = YES;
				CLANG_WARN_DIRECT_OBJC_ISA_USAGE = YES_ERROR;
				CLANG_WARN_DOCUMENTATION_COMMENTS = YES;
				CLANG_WARN_EMPTY_BODY = YES;
				CLANG_WARN_ENUM_CONVERSION = YES;
				CLANG_WARN_INFINITE_RECURSION = YES;
				CLANG_WARN_INT_CONVERSION = YES;
				CLANG_WARN_NON_LITERAL_NULL_CONVERSION = YES;
				CLANG_WARN_OBJC_IMPLICIT_RETAIN_SELF = YES;
				CLANG_WARN_OBJC_LITERAL_CONVERSION = YES;
				CLANG_WARN_OBJC_ROOT_CLASS = YES_ERROR;
				CLANG_WARN_QUOTED_INCLUDE_IN_FRAMEWORK_HEADER = YES;
				CLANG_WARN_RANGE_LOOP_ANALYSIS = YES;
				CLANG_WARN_STRICT_PROTOTYPES = YES;
				CLANG_WARN_SUSPICIOUS_MOVE = YES;
				CLANG_WARN_UNGUARDED_AVAILABILITY = YES_AGGRESSIVE;
				CLANG_WARN_UNREACHABLE_CODE = YES;
				CLANG_WARN__DUPLICATE_METHOD_MATCH = YES;
				CODE_SIGN_STYLE = Automatic;
				COPY_PHASE_STRIP = NO;
				CURRENT_PROJECT_VERSION = 1;
				DEBUG_INFORMATION_FORMAT = dwarf;
				DEFINES_MODULE = YES;
				DYLIB_COMPATIBILITY_VERSION = 1;
				DYLIB_CURRENT_VERSION = 1;
				DYLIB_INSTALL_NAME_BASE = "@rpath";
				ENABLE_STRICT_OBJC_MSGSEND = YES;
				ENABLE_TESTABILITY = YES;
				GCC_C_LANGUAGE_STANDARD = gnu11;
				GCC_DYNAMIC_NO_PIC = NO;
				GCC_NO_COMMON_BLOCKS = YES;
				GCC_OPTIMIZATION_LEVEL = 0;
				GCC_PREPROCESSOR_DEFINITIONS = (
					"DEBUG=1",
					"$(inherited)",
				);
				GCC_WARN_64_TO_32_BIT_CONVERSION = YES;
				GCC_WARN_ABOUT_RETURN_TYPE = YES_ERROR;
				GCC_WARN_UNDECLARED_SELECTOR = YES;
				GCC_WARN_UNINITIALIZED_AUTOS = YES_AGGRESSIVE;
				GCC_WARN_UNUSED_FUNCTION = YES;
				GCC_WARN_UNUSED_VARIABLE = YES;
				INFOPLIST_FILE = EssentialGuidelineiOS/Info.plist;
				INSTALL_PATH = "$(LOCAL_LIBRARY_DIR)/Frameworks";
				IPHONEOS_DEPLOYMENT_TARGET = 14.2;
				LD_RUNPATH_SEARCH_PATHS = (
					"$(inherited)",
					"@executable_path/Frameworks",
					"@loader_path/Frameworks",
				);
				MTL_ENABLE_DEBUG_INFO = INCLUDE_SOURCE;
				MTL_FAST_MATH = YES;
				ONLY_ACTIVE_ARCH = YES;
				PRODUCT_BUNDLE_IDENTIFIER = vn.miichisoft.EssentialGuidelineiOS;
				PRODUCT_NAME = "$(TARGET_NAME:c99extidentifier)";
				SDKROOT = iphoneos;
				SKIP_INSTALL = YES;
				SUPPORTS_MACCATALYST = NO;
				SWIFT_ACTIVE_COMPILATION_CONDITIONS = DEBUG;
				SWIFT_OPTIMIZATION_LEVEL = "-Onone";
				SWIFT_VERSION = 5.0;
				TARGETED_DEVICE_FAMILY = "1,2";
				VERSIONING_SYSTEM = "apple-generic";
				VERSION_INFO_PREFIX = "";
			};
			name = Debug;
		};
		BD76FC0625A4C55F00EA8578 /* Release */ = {
			isa = XCBuildConfiguration;
			baseConfigurationReference = 851FACB2E94C71F7CCA31A6F /* Pods-EssentialGuidelineiOS.release.xcconfig */;
			buildSettings = {
				ALWAYS_SEARCH_USER_PATHS = NO;
				CLANG_ANALYZER_NONNULL = YES;
				CLANG_ANALYZER_NUMBER_OBJECT_CONVERSION = YES_AGGRESSIVE;
				CLANG_CXX_LANGUAGE_STANDARD = "gnu++14";
				CLANG_CXX_LIBRARY = "libc++";
				CLANG_ENABLE_MODULES = YES;
				CLANG_ENABLE_OBJC_ARC = YES;
				CLANG_ENABLE_OBJC_WEAK = YES;
				CLANG_WARN_BLOCK_CAPTURE_AUTORELEASING = YES;
				CLANG_WARN_BOOL_CONVERSION = YES;
				CLANG_WARN_COMMA = YES;
				CLANG_WARN_CONSTANT_CONVERSION = YES;
				CLANG_WARN_DEPRECATED_OBJC_IMPLEMENTATIONS = YES;
				CLANG_WARN_DIRECT_OBJC_ISA_USAGE = YES_ERROR;
				CLANG_WARN_DOCUMENTATION_COMMENTS = YES;
				CLANG_WARN_EMPTY_BODY = YES;
				CLANG_WARN_ENUM_CONVERSION = YES;
				CLANG_WARN_INFINITE_RECURSION = YES;
				CLANG_WARN_INT_CONVERSION = YES;
				CLANG_WARN_NON_LITERAL_NULL_CONVERSION = YES;
				CLANG_WARN_OBJC_IMPLICIT_RETAIN_SELF = YES;
				CLANG_WARN_OBJC_LITERAL_CONVERSION = YES;
				CLANG_WARN_OBJC_ROOT_CLASS = YES_ERROR;
				CLANG_WARN_QUOTED_INCLUDE_IN_FRAMEWORK_HEADER = YES;
				CLANG_WARN_RANGE_LOOP_ANALYSIS = YES;
				CLANG_WARN_STRICT_PROTOTYPES = YES;
				CLANG_WARN_SUSPICIOUS_MOVE = YES;
				CLANG_WARN_UNGUARDED_AVAILABILITY = YES_AGGRESSIVE;
				CLANG_WARN_UNREACHABLE_CODE = YES;
				CLANG_WARN__DUPLICATE_METHOD_MATCH = YES;
				CODE_SIGN_STYLE = Automatic;
				COPY_PHASE_STRIP = NO;
				CURRENT_PROJECT_VERSION = 1;
				DEBUG_INFORMATION_FORMAT = "dwarf-with-dsym";
				DEFINES_MODULE = YES;
				DYLIB_COMPATIBILITY_VERSION = 1;
				DYLIB_CURRENT_VERSION = 1;
				DYLIB_INSTALL_NAME_BASE = "@rpath";
				ENABLE_NS_ASSERTIONS = NO;
				ENABLE_STRICT_OBJC_MSGSEND = YES;
				GCC_C_LANGUAGE_STANDARD = gnu11;
				GCC_NO_COMMON_BLOCKS = YES;
				GCC_WARN_64_TO_32_BIT_CONVERSION = YES;
				GCC_WARN_ABOUT_RETURN_TYPE = YES_ERROR;
				GCC_WARN_UNDECLARED_SELECTOR = YES;
				GCC_WARN_UNINITIALIZED_AUTOS = YES_AGGRESSIVE;
				GCC_WARN_UNUSED_FUNCTION = YES;
				GCC_WARN_UNUSED_VARIABLE = YES;
				INFOPLIST_FILE = EssentialGuidelineiOS/Info.plist;
				INSTALL_PATH = "$(LOCAL_LIBRARY_DIR)/Frameworks";
				IPHONEOS_DEPLOYMENT_TARGET = 14.2;
				LD_RUNPATH_SEARCH_PATHS = (
					"$(inherited)",
					"@executable_path/Frameworks",
					"@loader_path/Frameworks",
				);
				MTL_ENABLE_DEBUG_INFO = NO;
				MTL_FAST_MATH = YES;
				PRODUCT_BUNDLE_IDENTIFIER = vn.miichisoft.EssentialGuidelineiOS;
				PRODUCT_NAME = "$(TARGET_NAME:c99extidentifier)";
				SDKROOT = iphoneos;
				SKIP_INSTALL = YES;
				SUPPORTS_MACCATALYST = NO;
				SWIFT_COMPILATION_MODE = wholemodule;
				SWIFT_OPTIMIZATION_LEVEL = "-O";
				SWIFT_VERSION = 5.0;
				TARGETED_DEVICE_FAMILY = "1,2";
				VALIDATE_PRODUCT = YES;
				VERSIONING_SYSTEM = "apple-generic";
				VERSION_INFO_PREFIX = "";
			};
			name = Release;
		};
		BD76FC0825A4C55F00EA8578 /* Debug */ = {
			isa = XCBuildConfiguration;
			baseConfigurationReference = 92E2D7FE61812DEAD031FB64 /* Pods-EssentialGuidelineiOS-EssentialGuidelineiOSTests.debug.xcconfig */;
			buildSettings = {
				ALWAYS_EMBED_SWIFT_STANDARD_LIBRARIES = YES;
				ALWAYS_SEARCH_USER_PATHS = NO;
				CLANG_ANALYZER_NONNULL = YES;
				CLANG_ANALYZER_NUMBER_OBJECT_CONVERSION = YES_AGGRESSIVE;
				CLANG_CXX_LANGUAGE_STANDARD = "gnu++14";
				CLANG_CXX_LIBRARY = "libc++";
				CLANG_ENABLE_MODULES = YES;
				CLANG_ENABLE_OBJC_ARC = YES;
				CLANG_ENABLE_OBJC_WEAK = YES;
				CLANG_WARN_BLOCK_CAPTURE_AUTORELEASING = YES;
				CLANG_WARN_BOOL_CONVERSION = YES;
				CLANG_WARN_COMMA = YES;
				CLANG_WARN_CONSTANT_CONVERSION = YES;
				CLANG_WARN_DEPRECATED_OBJC_IMPLEMENTATIONS = YES;
				CLANG_WARN_DIRECT_OBJC_ISA_USAGE = YES_ERROR;
				CLANG_WARN_DOCUMENTATION_COMMENTS = YES;
				CLANG_WARN_EMPTY_BODY = YES;
				CLANG_WARN_ENUM_CONVERSION = YES;
				CLANG_WARN_INFINITE_RECURSION = YES;
				CLANG_WARN_INT_CONVERSION = YES;
				CLANG_WARN_NON_LITERAL_NULL_CONVERSION = YES;
				CLANG_WARN_OBJC_IMPLICIT_RETAIN_SELF = YES;
				CLANG_WARN_OBJC_LITERAL_CONVERSION = YES;
				CLANG_WARN_OBJC_ROOT_CLASS = YES_ERROR;
				CLANG_WARN_QUOTED_INCLUDE_IN_FRAMEWORK_HEADER = YES;
				CLANG_WARN_RANGE_LOOP_ANALYSIS = YES;
				CLANG_WARN_STRICT_PROTOTYPES = YES;
				CLANG_WARN_SUSPICIOUS_MOVE = YES;
				CLANG_WARN_UNGUARDED_AVAILABILITY = YES_AGGRESSIVE;
				CLANG_WARN_UNREACHABLE_CODE = YES;
				CLANG_WARN__DUPLICATE_METHOD_MATCH = YES;
				CODE_SIGN_STYLE = Automatic;
				COPY_PHASE_STRIP = NO;
				DEBUG_INFORMATION_FORMAT = dwarf;
				DEVELOPMENT_TEAM = 2J95SR9C7R;
				ENABLE_STRICT_OBJC_MSGSEND = YES;
				ENABLE_TESTABILITY = YES;
				GCC_C_LANGUAGE_STANDARD = gnu11;
				GCC_DYNAMIC_NO_PIC = NO;
				GCC_NO_COMMON_BLOCKS = YES;
				GCC_OPTIMIZATION_LEVEL = 0;
				GCC_PREPROCESSOR_DEFINITIONS = (
					"DEBUG=1",
					"$(inherited)",
				);
				GCC_WARN_64_TO_32_BIT_CONVERSION = YES;
				GCC_WARN_ABOUT_RETURN_TYPE = YES_ERROR;
				GCC_WARN_UNDECLARED_SELECTOR = YES;
				GCC_WARN_UNINITIALIZED_AUTOS = YES_AGGRESSIVE;
				GCC_WARN_UNUSED_FUNCTION = YES;
				GCC_WARN_UNUSED_VARIABLE = YES;
				INFOPLIST_FILE = EssentialGuidelineiOSTests/Info.plist;
				IPHONEOS_DEPLOYMENT_TARGET = 14.2;
				LD_RUNPATH_SEARCH_PATHS = (
					"$(inherited)",
					"@executable_path/Frameworks",
					"@loader_path/Frameworks",
				);
				MTL_ENABLE_DEBUG_INFO = INCLUDE_SOURCE;
				MTL_FAST_MATH = YES;
				ONLY_ACTIVE_ARCH = YES;
				PRODUCT_BUNDLE_IDENTIFIER = vn.miichisoft.EssentialGuidelineiOSTests;
				PRODUCT_NAME = "$(TARGET_NAME)";
				SDKROOT = iphoneos;
				SWIFT_ACTIVE_COMPILATION_CONDITIONS = DEBUG;
				SWIFT_OPTIMIZATION_LEVEL = "-Onone";
				SWIFT_VERSION = 5.0;
				TARGETED_DEVICE_FAMILY = "1,2";
			};
			name = Debug;
		};
		BD76FC0925A4C55F00EA8578 /* Release */ = {
			isa = XCBuildConfiguration;
			baseConfigurationReference = 36E817AFB03996E9C1724EB7 /* Pods-EssentialGuidelineiOS-EssentialGuidelineiOSTests.release.xcconfig */;
			buildSettings = {
				ALWAYS_EMBED_SWIFT_STANDARD_LIBRARIES = YES;
				ALWAYS_SEARCH_USER_PATHS = NO;
				CLANG_ANALYZER_NONNULL = YES;
				CLANG_ANALYZER_NUMBER_OBJECT_CONVERSION = YES_AGGRESSIVE;
				CLANG_CXX_LANGUAGE_STANDARD = "gnu++14";
				CLANG_CXX_LIBRARY = "libc++";
				CLANG_ENABLE_MODULES = YES;
				CLANG_ENABLE_OBJC_ARC = YES;
				CLANG_ENABLE_OBJC_WEAK = YES;
				CLANG_WARN_BLOCK_CAPTURE_AUTORELEASING = YES;
				CLANG_WARN_BOOL_CONVERSION = YES;
				CLANG_WARN_COMMA = YES;
				CLANG_WARN_CONSTANT_CONVERSION = YES;
				CLANG_WARN_DEPRECATED_OBJC_IMPLEMENTATIONS = YES;
				CLANG_WARN_DIRECT_OBJC_ISA_USAGE = YES_ERROR;
				CLANG_WARN_DOCUMENTATION_COMMENTS = YES;
				CLANG_WARN_EMPTY_BODY = YES;
				CLANG_WARN_ENUM_CONVERSION = YES;
				CLANG_WARN_INFINITE_RECURSION = YES;
				CLANG_WARN_INT_CONVERSION = YES;
				CLANG_WARN_NON_LITERAL_NULL_CONVERSION = YES;
				CLANG_WARN_OBJC_IMPLICIT_RETAIN_SELF = YES;
				CLANG_WARN_OBJC_LITERAL_CONVERSION = YES;
				CLANG_WARN_OBJC_ROOT_CLASS = YES_ERROR;
				CLANG_WARN_QUOTED_INCLUDE_IN_FRAMEWORK_HEADER = YES;
				CLANG_WARN_RANGE_LOOP_ANALYSIS = YES;
				CLANG_WARN_STRICT_PROTOTYPES = YES;
				CLANG_WARN_SUSPICIOUS_MOVE = YES;
				CLANG_WARN_UNGUARDED_AVAILABILITY = YES_AGGRESSIVE;
				CLANG_WARN_UNREACHABLE_CODE = YES;
				CLANG_WARN__DUPLICATE_METHOD_MATCH = YES;
				CODE_SIGN_STYLE = Automatic;
				COPY_PHASE_STRIP = NO;
				DEBUG_INFORMATION_FORMAT = "dwarf-with-dsym";
				DEVELOPMENT_TEAM = 2J95SR9C7R;
				ENABLE_NS_ASSERTIONS = NO;
				ENABLE_STRICT_OBJC_MSGSEND = YES;
				GCC_C_LANGUAGE_STANDARD = gnu11;
				GCC_NO_COMMON_BLOCKS = YES;
				GCC_WARN_64_TO_32_BIT_CONVERSION = YES;
				GCC_WARN_ABOUT_RETURN_TYPE = YES_ERROR;
				GCC_WARN_UNDECLARED_SELECTOR = YES;
				GCC_WARN_UNINITIALIZED_AUTOS = YES_AGGRESSIVE;
				GCC_WARN_UNUSED_FUNCTION = YES;
				GCC_WARN_UNUSED_VARIABLE = YES;
				INFOPLIST_FILE = EssentialGuidelineiOSTests/Info.plist;
				IPHONEOS_DEPLOYMENT_TARGET = 14.2;
				LD_RUNPATH_SEARCH_PATHS = (
					"$(inherited)",
					"@executable_path/Frameworks",
					"@loader_path/Frameworks",
				);
				MTL_ENABLE_DEBUG_INFO = NO;
				MTL_FAST_MATH = YES;
				PRODUCT_BUNDLE_IDENTIFIER = vn.miichisoft.EssentialGuidelineiOSTests;
				PRODUCT_NAME = "$(TARGET_NAME)";
				SDKROOT = iphoneos;
				SWIFT_COMPILATION_MODE = wholemodule;
				SWIFT_OPTIMIZATION_LEVEL = "-O";
				SWIFT_VERSION = 5.0;
				TARGETED_DEVICE_FAMILY = "1,2";
				VALIDATE_PRODUCT = YES;
			};
			name = Release;
		};
		BD76FC9925A56A6E00EA8578 /* Debug */ = {
			isa = XCBuildConfiguration;
			baseConfigurationReference = 2A3163E261425065297D2D00 /* Pods-EssentialiOSApp.debug.xcconfig */;
			buildSettings = {
				ALWAYS_EMBED_SWIFT_STANDARD_LIBRARIES = YES;
				ALWAYS_SEARCH_USER_PATHS = NO;
				ASSETCATALOG_COMPILER_APPICON_NAME = AppIcon;
				ASSETCATALOG_COMPILER_GLOBAL_ACCENT_COLOR_NAME = AccentColor;
				CLANG_ANALYZER_NONNULL = YES;
				CLANG_ANALYZER_NUMBER_OBJECT_CONVERSION = YES_AGGRESSIVE;
				CLANG_CXX_LANGUAGE_STANDARD = "gnu++14";
				CLANG_CXX_LIBRARY = "libc++";
				CLANG_ENABLE_MODULES = YES;
				CLANG_ENABLE_OBJC_ARC = YES;
				CLANG_ENABLE_OBJC_WEAK = YES;
				CLANG_WARN_BLOCK_CAPTURE_AUTORELEASING = YES;
				CLANG_WARN_BOOL_CONVERSION = YES;
				CLANG_WARN_COMMA = YES;
				CLANG_WARN_CONSTANT_CONVERSION = YES;
				CLANG_WARN_DEPRECATED_OBJC_IMPLEMENTATIONS = YES;
				CLANG_WARN_DIRECT_OBJC_ISA_USAGE = YES_ERROR;
				CLANG_WARN_DOCUMENTATION_COMMENTS = YES;
				CLANG_WARN_EMPTY_BODY = YES;
				CLANG_WARN_ENUM_CONVERSION = YES;
				CLANG_WARN_INFINITE_RECURSION = YES;
				CLANG_WARN_INT_CONVERSION = YES;
				CLANG_WARN_NON_LITERAL_NULL_CONVERSION = YES;
				CLANG_WARN_OBJC_IMPLICIT_RETAIN_SELF = YES;
				CLANG_WARN_OBJC_LITERAL_CONVERSION = YES;
				CLANG_WARN_OBJC_ROOT_CLASS = YES_ERROR;
				CLANG_WARN_QUOTED_INCLUDE_IN_FRAMEWORK_HEADER = YES;
				CLANG_WARN_RANGE_LOOP_ANALYSIS = YES;
				CLANG_WARN_STRICT_PROTOTYPES = YES;
				CLANG_WARN_SUSPICIOUS_MOVE = YES;
				CLANG_WARN_UNGUARDED_AVAILABILITY = YES_AGGRESSIVE;
				CLANG_WARN_UNREACHABLE_CODE = YES;
				CLANG_WARN__DUPLICATE_METHOD_MATCH = YES;
				CODE_SIGN_STYLE = Automatic;
				COPY_PHASE_STRIP = NO;
				DEBUG_INFORMATION_FORMAT = dwarf;
				ENABLE_STRICT_OBJC_MSGSEND = YES;
				ENABLE_TESTABILITY = YES;
				GCC_C_LANGUAGE_STANDARD = gnu11;
				GCC_DYNAMIC_NO_PIC = NO;
				GCC_NO_COMMON_BLOCKS = YES;
				GCC_OPTIMIZATION_LEVEL = 0;
				GCC_PREPROCESSOR_DEFINITIONS = (
					"DEBUG=1",
					"$(inherited)",
				);
				GCC_WARN_64_TO_32_BIT_CONVERSION = YES;
				GCC_WARN_ABOUT_RETURN_TYPE = YES_ERROR;
				GCC_WARN_UNDECLARED_SELECTOR = YES;
				GCC_WARN_UNINITIALIZED_AUTOS = YES_AGGRESSIVE;
				GCC_WARN_UNUSED_FUNCTION = YES;
				GCC_WARN_UNUSED_VARIABLE = YES;
				INFOPLIST_FILE = EssentialiOSApp/Info.plist;
				IPHONEOS_DEPLOYMENT_TARGET = 14.2;
				LD_RUNPATH_SEARCH_PATHS = (
					"$(inherited)",
					"@executable_path/Frameworks",
				);
				MTL_ENABLE_DEBUG_INFO = INCLUDE_SOURCE;
				MTL_FAST_MATH = YES;
				ONLY_ACTIVE_ARCH = YES;
				PRODUCT_BUNDLE_IDENTIFIER = vn.miichisoft.EssentialiOSApp;
				PRODUCT_NAME = "$(TARGET_NAME)";
				SDKROOT = iphoneos;
				SWIFT_ACTIVE_COMPILATION_CONDITIONS = DEBUG;
				SWIFT_OPTIMIZATION_LEVEL = "-Onone";
				SWIFT_VERSION = 5.0;
				TARGETED_DEVICE_FAMILY = "1,2";
			};
			name = Debug;
		};
		BD76FC9A25A56A6E00EA8578 /* Release */ = {
			isa = XCBuildConfiguration;
			baseConfigurationReference = C121AD836EC594E310C63ADA /* Pods-EssentialiOSApp.release.xcconfig */;
			buildSettings = {
				ALWAYS_EMBED_SWIFT_STANDARD_LIBRARIES = YES;
				ALWAYS_SEARCH_USER_PATHS = NO;
				ASSETCATALOG_COMPILER_APPICON_NAME = AppIcon;
				ASSETCATALOG_COMPILER_GLOBAL_ACCENT_COLOR_NAME = AccentColor;
				CLANG_ANALYZER_NONNULL = YES;
				CLANG_ANALYZER_NUMBER_OBJECT_CONVERSION = YES_AGGRESSIVE;
				CLANG_CXX_LANGUAGE_STANDARD = "gnu++14";
				CLANG_CXX_LIBRARY = "libc++";
				CLANG_ENABLE_MODULES = YES;
				CLANG_ENABLE_OBJC_ARC = YES;
				CLANG_ENABLE_OBJC_WEAK = YES;
				CLANG_WARN_BLOCK_CAPTURE_AUTORELEASING = YES;
				CLANG_WARN_BOOL_CONVERSION = YES;
				CLANG_WARN_COMMA = YES;
				CLANG_WARN_CONSTANT_CONVERSION = YES;
				CLANG_WARN_DEPRECATED_OBJC_IMPLEMENTATIONS = YES;
				CLANG_WARN_DIRECT_OBJC_ISA_USAGE = YES_ERROR;
				CLANG_WARN_DOCUMENTATION_COMMENTS = YES;
				CLANG_WARN_EMPTY_BODY = YES;
				CLANG_WARN_ENUM_CONVERSION = YES;
				CLANG_WARN_INFINITE_RECURSION = YES;
				CLANG_WARN_INT_CONVERSION = YES;
				CLANG_WARN_NON_LITERAL_NULL_CONVERSION = YES;
				CLANG_WARN_OBJC_IMPLICIT_RETAIN_SELF = YES;
				CLANG_WARN_OBJC_LITERAL_CONVERSION = YES;
				CLANG_WARN_OBJC_ROOT_CLASS = YES_ERROR;
				CLANG_WARN_QUOTED_INCLUDE_IN_FRAMEWORK_HEADER = YES;
				CLANG_WARN_RANGE_LOOP_ANALYSIS = YES;
				CLANG_WARN_STRICT_PROTOTYPES = YES;
				CLANG_WARN_SUSPICIOUS_MOVE = YES;
				CLANG_WARN_UNGUARDED_AVAILABILITY = YES_AGGRESSIVE;
				CLANG_WARN_UNREACHABLE_CODE = YES;
				CLANG_WARN__DUPLICATE_METHOD_MATCH = YES;
				CODE_SIGN_STYLE = Automatic;
				COPY_PHASE_STRIP = NO;
				DEBUG_INFORMATION_FORMAT = "dwarf-with-dsym";
				ENABLE_NS_ASSERTIONS = NO;
				ENABLE_STRICT_OBJC_MSGSEND = YES;
				GCC_C_LANGUAGE_STANDARD = gnu11;
				GCC_NO_COMMON_BLOCKS = YES;
				GCC_WARN_64_TO_32_BIT_CONVERSION = YES;
				GCC_WARN_ABOUT_RETURN_TYPE = YES_ERROR;
				GCC_WARN_UNDECLARED_SELECTOR = YES;
				GCC_WARN_UNINITIALIZED_AUTOS = YES_AGGRESSIVE;
				GCC_WARN_UNUSED_FUNCTION = YES;
				GCC_WARN_UNUSED_VARIABLE = YES;
				INFOPLIST_FILE = EssentialiOSApp/Info.plist;
				IPHONEOS_DEPLOYMENT_TARGET = 14.2;
				LD_RUNPATH_SEARCH_PATHS = (
					"$(inherited)",
					"@executable_path/Frameworks",
				);
				MTL_ENABLE_DEBUG_INFO = NO;
				MTL_FAST_MATH = YES;
				PRODUCT_BUNDLE_IDENTIFIER = vn.miichisoft.EssentialiOSApp;
				PRODUCT_NAME = "$(TARGET_NAME)";
				SDKROOT = iphoneos;
				SWIFT_COMPILATION_MODE = wholemodule;
				SWIFT_OPTIMIZATION_LEVEL = "-O";
				SWIFT_VERSION = 5.0;
				TARGETED_DEVICE_FAMILY = "1,2";
				VALIDATE_PRODUCT = YES;
			};
			name = Release;
		};
/* End XCBuildConfiguration section */

/* Begin XCConfigurationList section */
		BD76011E25A6B1BF00EA8578 /* Build configuration list for PBXNativeTarget "MVC" */ = {
			isa = XCConfigurationList;
			buildConfigurations = (
				BD76011A25A6B1BF00EA8578 /* Debug */,
				BD76011B25A6B1BF00EA8578 /* Release */,
			);
			defaultConfigurationIsVisible = 0;
			defaultConfigurationName = Release;
		};
		BD76011F25A6B1BF00EA8578 /* Build configuration list for PBXNativeTarget "MVCTests" */ = {
			isa = XCConfigurationList;
			buildConfigurations = (
				BD76011C25A6B1BF00EA8578 /* Debug */,
				BD76011D25A6B1BF00EA8578 /* Release */,
			);
			defaultConfigurationIsVisible = 0;
			defaultConfigurationName = Release;
		};
		BD76FB7125A43F2C00EA8578 /* Build configuration list for PBXProject "EssentialGuideline" */ = {
			isa = XCConfigurationList;
			buildConfigurations = (
				BD76FB7225A43F2C00EA8578 /* Debug */,
				BD76FB7325A43F2C00EA8578 /* Release */,
			);
			defaultConfigurationIsVisible = 0;
			defaultConfigurationName = Release;
		};
		BD76FB8B25A43F4900EA8578 /* Build configuration list for PBXNativeTarget "EssentialFeature" */ = {
			isa = XCConfigurationList;
			buildConfigurations = (
				BD76FB8C25A43F4900EA8578 /* Debug */,
				BD76FB8D25A43F4900EA8578 /* Release */,
			);
			defaultConfigurationIsVisible = 0;
			defaultConfigurationName = Release;
		};
		BD76FB8E25A43F4900EA8578 /* Build configuration list for PBXNativeTarget "EssentialFeatureTests" */ = {
			isa = XCConfigurationList;
			buildConfigurations = (
				BD76FB8F25A43F4900EA8578 /* Debug */,
				BD76FB9025A43F4900EA8578 /* Release */,
			);
			defaultConfigurationIsVisible = 0;
			defaultConfigurationName = Release;
		};
		BD76FC0425A4C55F00EA8578 /* Build configuration list for PBXNativeTarget "EssentialGuidelineiOS" */ = {
			isa = XCConfigurationList;
			buildConfigurations = (
				BD76FC0525A4C55F00EA8578 /* Debug */,
				BD76FC0625A4C55F00EA8578 /* Release */,
			);
			defaultConfigurationIsVisible = 0;
			defaultConfigurationName = Release;
		};
		BD76FC0725A4C55F00EA8578 /* Build configuration list for PBXNativeTarget "EssentialGuidelineiOSTests" */ = {
			isa = XCConfigurationList;
			buildConfigurations = (
				BD76FC0825A4C55F00EA8578 /* Debug */,
				BD76FC0925A4C55F00EA8578 /* Release */,
			);
			defaultConfigurationIsVisible = 0;
			defaultConfigurationName = Release;
		};
		BD76FC9B25A56A6E00EA8578 /* Build configuration list for PBXNativeTarget "EssentialiOSApp" */ = {
			isa = XCConfigurationList;
			buildConfigurations = (
				BD76FC9925A56A6E00EA8578 /* Debug */,
				BD76FC9A25A56A6E00EA8578 /* Release */,
			);
			defaultConfigurationIsVisible = 0;
			defaultConfigurationName = Release;
		};
/* End XCConfigurationList section */
	};
	rootObject = BD76FB6E25A43F2C00EA8578 /* Project object */;
}
